// !$*UTF8*$!
{
	archiveVersion = 1;
	classes = {
	};
	objectVersion = 46;
	objects = {

/* Begin PBXBuildFile section */
		D20537B714361EB6002F0157 /* GenericPlugin.png in Resources */ = {isa = PBXBuildFile; fileRef = D20537B614361EB6002F0157 /* GenericPlugin.png */; };
		D20537B814361F95002F0157 /* GenericPlugin.png in Resources */ = {isa = PBXBuildFile; fileRef = D20537B614361EB6002F0157 /* GenericPlugin.png */; };
		D20537BA1436223D002F0157 /* uuids.plist in Resources */ = {isa = PBXBuildFile; fileRef = D20537B91436223D002F0157 /* uuids.plist */; };
		D20537BB1436223D002F0157 /* uuids.plist in Resources */ = {isa = PBXBuildFile; fileRef = D20537B91436223D002F0157 /* uuids.plist */; };
		D20537C41439C9BB002F0157 /* BundleBackgroundRed.png in Resources */ = {isa = PBXBuildFile; fileRef = D20537C21439C9BB002F0157 /* BundleBackgroundRed.png */; };
		D20537C61439CD3E002F0157 /* BundleBackground.png in Resources */ = {isa = PBXBuildFile; fileRef = D20537C51439CD3E002F0157 /* BundleBackground.png */; };
		D20537F3143B15ED002F0157 /* MBTSinglePluginController.m in Sources */ = {isa = PBXBuildFile; fileRef = D20537F2143B15ED002F0157 /* MBTSinglePluginController.m */; };
		D20537F5143B161C002F0157 /* MBTSinglePluginWindow.xib in Resources */ = {isa = PBXBuildFile; fileRef = D20537F4143B161C002F0157 /* MBTSinglePluginWindow.xib */; };
		D20A3EDE1434B3520083B10A /* MBMBundleView.xib in Resources */ = {isa = PBXBuildFile; fileRef = D20A3EDD1434B3520083B10A /* MBMBundleView.xib */; };
		D216B33F141DFDE1003788DC /* Cocoa.framework in Frameworks */ = {isa = PBXBuildFile; fileRef = D216B33E141DFDE1003788DC /* Cocoa.framework */; };
		D216B349141DFDE1003788DC /* InfoPlist.strings in Resources */ = {isa = PBXBuildFile; fileRef = D216B347141DFDE1003788DC /* InfoPlist.strings */; };
		D216B34B141DFDE1003788DC /* main.m in Sources */ = {isa = PBXBuildFile; fileRef = D216B34A141DFDE1003788DC /* main.m */; };
		D216B34F141DFDE1003788DC /* Credits.rtf in Resources */ = {isa = PBXBuildFile; fileRef = D216B34D141DFDE1003788DC /* Credits.rtf */; };
		D216B352141DFDE1003788DC /* MBMAppDelegate.m in Sources */ = {isa = PBXBuildFile; fileRef = D216B351141DFDE1003788DC /* MBMAppDelegate.m */; };
		D216B355141DFDE2003788DC /* MainMenu.xib in Resources */ = {isa = PBXBuildFile; fileRef = D216B353141DFDE2003788DC /* MainMenu.xib */; };
		D216B35D141DFDE2003788DC /* SenTestingKit.framework in Frameworks */ = {isa = PBXBuildFile; fileRef = D216B35C141DFDE2003788DC /* SenTestingKit.framework */; };
		D216B35E141DFDE2003788DC /* Cocoa.framework in Frameworks */ = {isa = PBXBuildFile; fileRef = D216B33E141DFDE1003788DC /* Cocoa.framework */; };
		D216B366141DFDE2003788DC /* InfoPlist.strings in Resources */ = {isa = PBXBuildFile; fileRef = D216B364141DFDE2003788DC /* InfoPlist.strings */; };
		D216B37D141E1676003788DC /* MBMConstants.m in Sources */ = {isa = PBXBuildFile; fileRef = D216B37C141E1676003788DC /* MBMConstants.m */; };
		D222073C14F143E400881515 /* MBMBackgroundImage.pdf in Resources */ = {isa = PBXBuildFile; fileRef = D222073B14F143E400881515 /* MBMBackgroundImage.pdf */; };
		D222073D14F143E400881515 /* MBMBackgroundImage.pdf in Resources */ = {isa = PBXBuildFile; fileRef = D222073B14F143E400881515 /* MBMBackgroundImage.pdf */; };
		D222074014F1B04000881515 /* NSObject+LKObject.m in Sources */ = {isa = PBXBuildFile; fileRef = D222073F14F1B04000881515 /* NSObject+LKObject.m */; };
		D222074114F1B04000881515 /* NSObject+LKObject.m in Sources */ = {isa = PBXBuildFile; fileRef = D222073F14F1B04000881515 /* NSObject+LKObject.m */; };
		D22CC04D146B455B0055CFBE /* Sparkle.framework in Copy Frameworks */ = {isa = PBXBuildFile; fileRef = D2C473C7146B449B00B2981D /* Sparkle.framework */; };
		D22CC055146BD87F0055CFBE /* Cocoa.framework in Frameworks */ = {isa = PBXBuildFile; fileRef = D216B33E141DFDE1003788DC /* Cocoa.framework */; };
		D22CC05B146BD87F0055CFBE /* InfoPlist.strings in Resources */ = {isa = PBXBuildFile; fileRef = D22CC059146BD87F0055CFBE /* InfoPlist.strings */; };
		D22CC05D146BD87F0055CFBE /* main.m in Sources */ = {isa = PBXBuildFile; fileRef = D22CC05C146BD87F0055CFBE /* main.m */; };
		D22CC061146BD8800055CFBE /* Credits.rtf in Resources */ = {isa = PBXBuildFile; fileRef = D22CC05F146BD8800055CFBE /* Credits.rtf */; };
		D22CC064146BD8800055CFBE /* TTHAppDelegate.m in Sources */ = {isa = PBXBuildFile; fileRef = D22CC063146BD8800055CFBE /* TTHAppDelegate.m */; };
		D22CC067146BD8800055CFBE /* MainMenu.xib in Resources */ = {isa = PBXBuildFile; fileRef = D22CC065146BD8800055CFBE /* MainMenu.xib */; };
		D231F4491428ED4E002DB999 /* NSString+LKStructUtils.m in Sources */ = {isa = PBXBuildFile; fileRef = D231F4481428ED4E002DB999 /* NSString+LKStructUtils.m */; };
		D231F44D1428ED5E002DB999 /* LKLogHelper.m in Sources */ = {isa = PBXBuildFile; fileRef = D231F44C1428ED5E002DB999 /* LKLogHelper.m */; };
		D23D3151144216E3007D30F8 /* companies.plist in Resources */ = {isa = PBXBuildFile; fileRef = D23D3150144216E3007D30F8 /* companies.plist */; };
		D23D3152144216E3007D30F8 /* companies.plist in Resources */ = {isa = PBXBuildFile; fileRef = D23D3150144216E3007D30F8 /* companies.plist */; };
		D23D3155144234B4007D30F8 /* MBMCompanyList.m in Sources */ = {isa = PBXBuildFile; fileRef = D23D3154144234B4007D30F8 /* MBMCompanyList.m */; };
		D23D3156144234B4007D30F8 /* MBMCompanyList.m in Sources */ = {isa = PBXBuildFile; fileRef = D23D3154144234B4007D30F8 /* MBMCompanyList.m */; };
		D23D31591442573A007D30F8 /* MBMUUIDList.m in Sources */ = {isa = PBXBuildFile; fileRef = D23D31581442573A007D30F8 /* MBMUUIDList.m */; };
		D23D315A1442573A007D30F8 /* MBMUUIDList.m in Sources */ = {isa = PBXBuildFile; fileRef = D23D31581442573A007D30F8 /* MBMUUIDList.m */; };
		D23D315D1442575F007D30F8 /* MBMRemoteUpdatableList.m in Sources */ = {isa = PBXBuildFile; fileRef = D23D315C1442575F007D30F8 /* MBMRemoteUpdatableList.m */; };
		D23D315E1442575F007D30F8 /* MBMRemoteUpdatableList.m in Sources */ = {isa = PBXBuildFile; fileRef = D23D315C1442575F007D30F8 /* MBMRemoteUpdatableList.m */; };
		D23D316E1444DD7B007D30F8 /* MBMSystemInfo.m in Sources */ = {isa = PBXBuildFile; fileRef = D23D316D1444DD7A007D30F8 /* MBMSystemInfo.m */; };
		D23D316F1444DD7B007D30F8 /* MBMSystemInfo.m in Sources */ = {isa = PBXBuildFile; fileRef = D23D316D1444DD7A007D30F8 /* MBMSystemInfo.m */; };
		D23D31721445B979007D30F8 /* NSUserDefaults+MBMShared.m in Sources */ = {isa = PBXBuildFile; fileRef = D23D31711445B979007D30F8 /* NSUserDefaults+MBMShared.m */; };
		D23D31731445B979007D30F8 /* NSUserDefaults+MBMShared.m in Sources */ = {isa = PBXBuildFile; fileRef = D23D31711445B979007D30F8 /* NSUserDefaults+MBMShared.m */; };
		D24248A6148E53C800DE7E6A /* QuartzCore.framework in Frameworks */ = {isa = PBXBuildFile; fileRef = D2779BF214337389003F7BE0 /* QuartzCore.framework */; };
		D24248A7148E542400DE7E6A /* Sparkle.framework in Copy Frameworks */ = {isa = PBXBuildFile; fileRef = D2C473C7146B449B00B2981D /* Sparkle.framework */; };
		D24248A8148E544100DE7E6A /* Sparkle.framework in Frameworks */ = {isa = PBXBuildFile; fileRef = D2C473C7146B449B00B2981D /* Sparkle.framework */; };
		D24AF649147D3565000EDC6F /* MBT Scripting.sdef in Resources */ = {isa = PBXBuildFile; fileRef = D24AF648147D3565000EDC6F /* MBT Scripting.sdef */; };
		D24AF64F147D4CAD000EDC6F /* MBTSendInfoCommand.m in Sources */ = {isa = PBXBuildFile; fileRef = D24AF64E147D4CAD000EDC6F /* MBTSendInfoCommand.m */; };
		D24DA32E142CD0CB00720631 /* MBMAgreementWindow.xib in Resources */ = {isa = PBXBuildFile; fileRef = D24DA32D142CD0CB00720631 /* MBMAgreementWindow.xib */; };
		D24DA331142CD92300720631 /* Localizable.strings in Resources */ = {isa = PBXBuildFile; fileRef = D24DA330142CD92300720631 /* Localizable.strings */; };
		D256CF1514F92D4A001BA72D /* MailBundleTool.app in Copy Bundle Tool */ = {isa = PBXBuildFile; fileRef = D2779BC014336287003F7BE0 /* MailBundleTool.app */; };
		D256CF2F14F99D00001BA72D /* MBTSparkleAsyncOperation.m in Sources */ = {isa = PBXBuildFile; fileRef = D256CF2E14F99CFF001BA72D /* MBTSparkleAsyncOperation.m */; };
		D25738D8143BBEF0009D4A97 /* DSClickableURLTextField.m in Sources */ = {isa = PBXBuildFile; fileRef = D25738D7143BBEF0009D4A97 /* DSClickableURLTextField.m */; };
		D2730FD9142921B200EB5CB7 /* MBMManifestModel.m in Sources */ = {isa = PBXBuildFile; fileRef = D2730FD8142921B200EB5CB7 /* MBMManifestModel.m */; };
		D2730FDE142931D100EB5CB7 /* MBMInstallerController.m in Sources */ = {isa = PBXBuildFile; fileRef = D2730FDD142931D100EB5CB7 /* MBMInstallerController.m */; };
		D2730FE01429322A00EB5CB7 /* MBMInstallerWindow.xib in Resources */ = {isa = PBXBuildFile; fileRef = D2730FDF1429322A00EB5CB7 /* MBMInstallerWindow.xib */; };
		D2730FE614293F6100EB5CB7 /* MBMAnimatedListController.m in Sources */ = {isa = PBXBuildFile; fileRef = D2730FE414293F6100EB5CB7 /* MBMAnimatedListController.m */; };
		D2730FF1142A1F4700EB5CB7 /* LKCGStructs.m in Sources */ = {isa = PBXBuildFile; fileRef = D2730FF0142A1F4700EB5CB7 /* LKCGStructs.m */; };
		D2730FF3142B539300EB5CB7 /* InstallAnimationBackground.png in Resources */ = {isa = PBXBuildFile; fileRef = D2730FF2142B539300EB5CB7 /* InstallAnimationBackground.png */; };
		D2731011142CB1E500EB5CB7 /* MBMConfirmationStep.m in Sources */ = {isa = PBXBuildFile; fileRef = D2731010142CB1E400EB5CB7 /* MBMConfirmationStep.m */; };
		D2779BC214336287003F7BE0 /* Cocoa.framework in Frameworks */ = {isa = PBXBuildFile; fileRef = D216B33E141DFDE1003788DC /* Cocoa.framework */; };
		D2779BC814336287003F7BE0 /* InfoPlist.strings in Resources */ = {isa = PBXBuildFile; fileRef = D2779BC614336287003F7BE0 /* InfoPlist.strings */; };
		D2779BCA14336287003F7BE0 /* main.m in Sources */ = {isa = PBXBuildFile; fileRef = D2779BC914336287003F7BE0 /* main.m */; };
		D2779BCE14336287003F7BE0 /* Credits.rtf in Resources */ = {isa = PBXBuildFile; fileRef = D2779BCC14336287003F7BE0 /* Credits.rtf */; };
		D2779BD114336287003F7BE0 /* MBTAppDelegate.m in Sources */ = {isa = PBXBuildFile; fileRef = D2779BD014336287003F7BE0 /* MBTAppDelegate.m */; };
		D2779BD414336287003F7BE0 /* MainMenu.xib in Resources */ = {isa = PBXBuildFile; fileRef = D2779BD214336287003F7BE0 /* MainMenu.xib */; };
		D2779BDC14336639003F7BE0 /* MBMConstants.m in Sources */ = {isa = PBXBuildFile; fileRef = D216B37C141E1676003788DC /* MBMConstants.m */; };
		D2779BDD14336641003F7BE0 /* InstallAnimationBackground.png in Resources */ = {isa = PBXBuildFile; fileRef = D2730FF2142B539300EB5CB7 /* InstallAnimationBackground.png */; };
		D2779BDE14336641003F7BE0 /* MBMInstallerWindow.xib in Resources */ = {isa = PBXBuildFile; fileRef = D2730FDF1429322A00EB5CB7 /* MBMInstallerWindow.xib */; };
		D2779BDF14336641003F7BE0 /* MBMAgreementWindow.xib in Resources */ = {isa = PBXBuildFile; fileRef = D24DA32D142CD0CB00720631 /* MBMAgreementWindow.xib */; };
		D2779BE014336641003F7BE0 /* errors.strings in Resources */ = {isa = PBXBuildFile; fileRef = D2D1E6C0142FD8B4002FF1B1 /* errors.strings */; };
		D2779BE114336649003F7BE0 /* NSBundle+MBMAdditions.m in Sources */ = {isa = PBXBuildFile; fileRef = D2E90299141E5EF90058618F /* NSBundle+MBMAdditions.m */; };
		D2779BE214336651003F7BE0 /* MBMInstallerController.m in Sources */ = {isa = PBXBuildFile; fileRef = D2730FDD142931D100EB5CB7 /* MBMInstallerController.m */; };
		D2779BE314336651003F7BE0 /* MBMAnimatedListController.m in Sources */ = {isa = PBXBuildFile; fileRef = D2730FE414293F6100EB5CB7 /* MBMAnimatedListController.m */; };
		D2779BE41433665D003F7BE0 /* MBMMailBundle.m in Sources */ = {isa = PBXBuildFile; fileRef = D2E90296141E4C7F0058618F /* MBMMailBundle.m */; };
		D2779BE51433665D003F7BE0 /* MBMSparkleDelegate.m in Sources */ = {isa = PBXBuildFile; fileRef = D2E902AC141E72470058618F /* MBMSparkleDelegate.m */; };
		D2779BE61433665D003F7BE0 /* MBMManifestModel.m in Sources */ = {isa = PBXBuildFile; fileRef = D2730FD8142921B200EB5CB7 /* MBMManifestModel.m */; };
		D2779BE71433665D003F7BE0 /* MBMActionItem.m in Sources */ = {isa = PBXBuildFile; fileRef = D28F77E914209D1D0015E42F /* MBMActionItem.m */; };
		D2779BE81433665D003F7BE0 /* MBMConfirmationStep.m in Sources */ = {isa = PBXBuildFile; fileRef = D2731010142CB1E400EB5CB7 /* MBMConfirmationStep.m */; };
		D2779BE9143366CC003F7BE0 /* MBMMySparkleDelegate.m in Sources */ = {isa = PBXBuildFile; fileRef = D2E90293141E36110058618F /* MBMMySparkleDelegate.m */; };
		D2779BEA14336DDC003F7BE0 /* NSString+LKStructUtils.m in Sources */ = {isa = PBXBuildFile; fileRef = D231F4481428ED4E002DB999 /* NSString+LKStructUtils.m */; };
		D2779BEB14336DDC003F7BE0 /* NSString+LKHelper.m in Sources */ = {isa = PBXBuildFile; fileRef = D2D1E6CB1430827F002FF1B1 /* NSString+LKHelper.m */; };
		D2779BEC14336DDC003F7BE0 /* LKCGStructs.m in Sources */ = {isa = PBXBuildFile; fileRef = D2730FF0142A1F4700EB5CB7 /* LKCGStructs.m */; };
		D2779BED14336DDC003F7BE0 /* LKLogHelper.m in Sources */ = {isa = PBXBuildFile; fileRef = D231F44C1428ED5E002DB999 /* LKLogHelper.m */; };
		D2779BEE14336DDC003F7BE0 /* LKError.m in Sources */ = {isa = PBXBuildFile; fileRef = D2D1E6C814307968002FF1B1 /* LKError.m */; };
		D28F77EA14209D1D0015E42F /* MBMActionItem.m in Sources */ = {isa = PBXBuildFile; fileRef = D28F77E914209D1D0015E42F /* MBMActionItem.m */; };
		D2C473C9146B44C200B2981D /* Sparkle.framework in Frameworks */ = {isa = PBXBuildFile; fileRef = D2C473C7146B449B00B2981D /* Sparkle.framework */; };
		D2C473CA146B44DA00B2981D /* QuartzCore.framework in Frameworks */ = {isa = PBXBuildFile; fileRef = D2779BF214337389003F7BE0 /* QuartzCore.framework */; };
		D2D1E6C1142FD8B4002FF1B1 /* errors.strings in Resources */ = {isa = PBXBuildFile; fileRef = D2D1E6C0142FD8B4002FF1B1 /* errors.strings */; };
		D2D1E6C914307968002FF1B1 /* LKError.m in Sources */ = {isa = PBXBuildFile; fileRef = D2D1E6C814307968002FF1B1 /* LKError.m */; };
		D2D1E6CC1430827F002FF1B1 /* NSString+LKHelper.m in Sources */ = {isa = PBXBuildFile; fileRef = D2D1E6CB1430827F002FF1B1 /* NSString+LKHelper.m */; };
		D2D1E6D81431BC3C002FF1B1 /* ManifestModelTests.m in Sources */ = {isa = PBXBuildFile; fileRef = D2D1E6D71431BC3C002FF1B1 /* ManifestModelTests.m */; };
		D2D1E6DA1431C171002FF1B1 /* mbm-manifest.plist in Resources */ = {isa = PBXBuildFile; fileRef = D2D1E6D91431C171002FF1B1 /* mbm-manifest.plist */; };
		D2D1E6DD1431EC2A002FF1B1 /* MailBundleTests.m in Sources */ = {isa = PBXBuildFile; fileRef = D2D1E6DC1431EC29002FF1B1 /* MailBundleTests.m */; };
		D2D1E73014320D1C002FF1B1 /* ExamplePlugin.mailbundle in Copy Test Data */ = {isa = PBXBuildFile; fileRef = D2D1E72F14320D1B002FF1B1 /* ExamplePlugin.mailbundle */; };
		D2E90294141E36120058618F /* MBMMySparkleDelegate.m in Sources */ = {isa = PBXBuildFile; fileRef = D2E90293141E36110058618F /* MBMMySparkleDelegate.m */; };
		D2E90297141E4C800058618F /* MBMMailBundle.m in Sources */ = {isa = PBXBuildFile; fileRef = D2E90296141E4C7F0058618F /* MBMMailBundle.m */; };
		D2E9029A141E5EFA0058618F /* NSBundle+MBMAdditions.m in Sources */ = {isa = PBXBuildFile; fileRef = D2E90299141E5EF90058618F /* NSBundle+MBMAdditions.m */; };
		D2E902AD141E72470058618F /* MBMSparkleDelegate.m in Sources */ = {isa = PBXBuildFile; fileRef = D2E902AC141E72470058618F /* MBMSparkleDelegate.m */; };
		D2EB824E148F9EE700C8B0DB /* Security.framework in Frameworks */ = {isa = PBXBuildFile; fileRef = D2EB824D148F9EE700C8B0DB /* Security.framework */; };
		D2EB824F148F9EFA00C8B0DB /* Security.framework in Frameworks */ = {isa = PBXBuildFile; fileRef = D2EB824D148F9EE700C8B0DB /* Security.framework */; };
		D2EB825A148FA79300C8B0DB /* NSViewController+LKCollectionItemFix.m in Sources */ = {isa = PBXBuildFile; fileRef = D2EB8257148FA79300C8B0DB /* NSViewController+LKCollectionItemFix.m */; };
		D2EB825B148FA79300C8B0DB /* NSViewController+LKCollectionItemFix.m in Sources */ = {isa = PBXBuildFile; fileRef = D2EB8257148FA79300C8B0DB /* NSViewController+LKCollectionItemFix.m */; };
		D2EB825C148FA79300C8B0DB /* NSFileManager+LKAdditions.m in Sources */ = {isa = PBXBuildFile; fileRef = D2EB8259148FA79300C8B0DB /* NSFileManager+LKAdditions.m */; };
		D2EB825D148FA79300C8B0DB /* NSFileManager+LKAdditions.m in Sources */ = {isa = PBXBuildFile; fileRef = D2EB8259148FA79300C8B0DB /* NSFileManager+LKAdditions.m */; };
		D2EFB28514F44B8E00DEA922 /* InstallDocument.icns in Resources */ = {isa = PBXBuildFile; fileRef = D2EFB28414F44B8E00DEA922 /* InstallDocument.icns */; };
		D2EFB28714F44B9500DEA922 /* UninstallDocument.icns in Resources */ = {isa = PBXBuildFile; fileRef = D2EFB28614F44B9500DEA922 /* UninstallDocument.icns */; };
		D2F70F7D143F1FA5000D5CC0 /* MBAppDelegate.m in Sources */ = {isa = PBXBuildFile; fileRef = D2F70F7C143F1FA5000D5CC0 /* MBAppDelegate.m */; };
		D2F70F7E143F1FA5000D5CC0 /* MBAppDelegate.m in Sources */ = {isa = PBXBuildFile; fileRef = D2F70F7C143F1FA5000D5CC0 /* MBAppDelegate.m */; };
		D2F70F82143F29EC000D5CC0 /* MBMBundleView.xib in Resources */ = {isa = PBXBuildFile; fileRef = D20A3EDD1434B3520083B10A /* MBMBundleView.xib */; };
		D2F70F84143F34B7000D5CC0 /* BundleBackground.png in Resources */ = {isa = PBXBuildFile; fileRef = D20537C51439CD3E002F0157 /* BundleBackground.png */; };
		D2F70F85143F34B7000D5CC0 /* BundleBackgroundRed.png in Resources */ = {isa = PBXBuildFile; fileRef = D20537C21439C9BB002F0157 /* BundleBackgroundRed.png */; };
		D2F70F8B143F43CF000D5CC0 /* MBMBackgroundableView.m in Sources */ = {isa = PBXBuildFile; fileRef = D2F70F8A143F43CF000D5CC0 /* MBMBackgroundableView.m */; };
		D2F70F8C143F43CF000D5CC0 /* MBMBackgroundableView.m in Sources */ = {isa = PBXBuildFile; fileRef = D2F70F8A143F43CF000D5CC0 /* MBMBackgroundableView.m */; };
/* End PBXBuildFile section */

/* Begin PBXContainerItemProxy section */
		D216B35F141DFDE2003788DC /* PBXContainerItemProxy */ = {
			isa = PBXContainerItemProxy;
			containerPortal = D216B331141DFDE1003788DC /* Project object */;
			proxyType = 1;
			remoteGlobalIDString = D216B339141DFDE1003788DC;
			remoteInfo = "Mail Bundle Manager";
		};
		D24AF645147D177A000EDC6F /* PBXContainerItemProxy */ = {
			isa = PBXContainerItemProxy;
			containerPortal = D216B331141DFDE1003788DC /* Project object */;
			proxyType = 1;
			remoteGlobalIDString = D2779BBF14336287003F7BE0;
			remoteInfo = MailBundleTool;
		};
		D256CF0E14F92CDA001BA72D /* PBXContainerItemProxy */ = {
			isa = PBXContainerItemProxy;
			containerPortal = D216B331141DFDE1003788DC /* Project object */;
			proxyType = 1;
			remoteGlobalIDString = D216B339141DFDE1003788DC;
			remoteInfo = "Mail Plugin Manager";
		};
		D256CF1114F92D12001BA72D /* PBXContainerItemProxy */ = {
			isa = PBXContainerItemProxy;
			containerPortal = D216B331141DFDE1003788DC /* Project object */;
			proxyType = 1;
			remoteGlobalIDString = D2779BBF14336287003F7BE0;
			remoteInfo = MailBundleTool;
		};
/* End PBXContainerItemProxy section */

/* Begin PBXCopyFilesBuildPhase section */
		D216B379141E0071003788DC /* Copy Frameworks */ = {
			isa = PBXCopyFilesBuildPhase;
			buildActionMask = 2147483647;
			dstPath = "";
			dstSubfolderSpec = 10;
			files = (
				D24248A7148E542400DE7E6A /* Sparkle.framework in Copy Frameworks */,
			);
			name = "Copy Frameworks";
			runOnlyForDeploymentPostprocessing = 0;
		};
		D256CF1414F92D2B001BA72D /* Copy Bundle Tool */ = {
			isa = PBXCopyFilesBuildPhase;
			buildActionMask = 2147483647;
			dstPath = "";
			dstSubfolderSpec = 7;
			files = (
				D256CF1514F92D4A001BA72D /* MailBundleTool.app in Copy Bundle Tool */,
			);
			name = "Copy Bundle Tool";
			runOnlyForDeploymentPostprocessing = 0;
		};
		D2779BEF14337344003F7BE0 /* Copy Frameworks */ = {
			isa = PBXCopyFilesBuildPhase;
			buildActionMask = 2147483647;
			dstPath = "";
			dstSubfolderSpec = 10;
			files = (
				D22CC04D146B455B0055CFBE /* Sparkle.framework in Copy Frameworks */,
			);
			name = "Copy Frameworks";
			runOnlyForDeploymentPostprocessing = 0;
		};
		D2D1E6DF1431EFF7002FF1B1 /* Copy Framework */ = {
			isa = PBXCopyFilesBuildPhase;
			buildActionMask = 2147483647;
			dstPath = "";
			dstSubfolderSpec = 10;
			files = (
			);
			name = "Copy Framework";
			runOnlyForDeploymentPostprocessing = 0;
		};
		D2D1E70814320BA6002FF1B1 /* Copy Test Data */ = {
			isa = PBXCopyFilesBuildPhase;
			buildActionMask = 2147483647;
			dstPath = Tests;
			dstSubfolderSpec = 7;
			files = (
				D2D1E73014320D1C002FF1B1 /* ExamplePlugin.mailbundle in Copy Test Data */,
			);
			name = "Copy Test Data";
			runOnlyForDeploymentPostprocessing = 0;
		};
/* End PBXCopyFilesBuildPhase section */

/* Begin PBXFileReference section */
		D20537B614361EB6002F0157 /* GenericPlugin.png */ = {isa = PBXFileReference; lastKnownFileType = image.png; name = GenericPlugin.png; path = "Mail Bundle Manager/GenericPlugin.png"; sourceTree = "<group>"; };
		D20537B91436223D002F0157 /* uuids.plist */ = {isa = PBXFileReference; fileEncoding = 4; lastKnownFileType = text.plist.xml; name = uuids.plist; path = "Mail Bundle Manager/uuids.plist"; sourceTree = "<group>"; };
		D20537C21439C9BB002F0157 /* BundleBackgroundRed.png */ = {isa = PBXFileReference; lastKnownFileType = image.png; name = BundleBackgroundRed.png; path = "Mail Bundle Manager/BundleBackgroundRed.png"; sourceTree = "<group>"; };
		D20537C51439CD3E002F0157 /* BundleBackground.png */ = {isa = PBXFileReference; lastKnownFileType = image.png; name = BundleBackground.png; path = "Mail Bundle Manager/BundleBackground.png"; sourceTree = "<group>"; };
		D20537F1143B15ED002F0157 /* MBTSinglePluginController.h */ = {isa = PBXFileReference; fileEncoding = 4; lastKnownFileType = sourcecode.c.h; path = MBTSinglePluginController.h; sourceTree = "<group>"; };
		D20537F2143B15ED002F0157 /* MBTSinglePluginController.m */ = {isa = PBXFileReference; fileEncoding = 4; lastKnownFileType = sourcecode.c.objc; path = MBTSinglePluginController.m; sourceTree = "<group>"; };
		D20537F4143B161C002F0157 /* MBTSinglePluginWindow.xib */ = {isa = PBXFileReference; fileEncoding = 4; lastKnownFileType = file.xib; path = MBTSinglePluginWindow.xib; sourceTree = "<group>"; };
		D20A3EDD1434B3520083B10A /* MBMBundleView.xib */ = {isa = PBXFileReference; fileEncoding = 4; lastKnownFileType = file.xib; name = MBMBundleView.xib; path = "Mail Bundle Manager/MBMBundleView.xib"; sourceTree = "<group>"; };
		D216B33A141DFDE1003788DC /* Mail Plugin Manager.app */ = {isa = PBXFileReference; explicitFileType = wrapper.application; includeInIndex = 0; path = "Mail Plugin Manager.app"; sourceTree = BUILT_PRODUCTS_DIR; };
		D216B33E141DFDE1003788DC /* Cocoa.framework */ = {isa = PBXFileReference; lastKnownFileType = wrapper.framework; name = Cocoa.framework; path = System/Library/Frameworks/Cocoa.framework; sourceTree = SDKROOT; };
		D216B341141DFDE1003788DC /* AppKit.framework */ = {isa = PBXFileReference; lastKnownFileType = wrapper.framework; name = AppKit.framework; path = System/Library/Frameworks/AppKit.framework; sourceTree = SDKROOT; };
		D216B342141DFDE1003788DC /* CoreData.framework */ = {isa = PBXFileReference; lastKnownFileType = wrapper.framework; name = CoreData.framework; path = System/Library/Frameworks/CoreData.framework; sourceTree = SDKROOT; };
		D216B343141DFDE1003788DC /* Foundation.framework */ = {isa = PBXFileReference; lastKnownFileType = wrapper.framework; name = Foundation.framework; path = System/Library/Frameworks/Foundation.framework; sourceTree = SDKROOT; };
		D216B346141DFDE1003788DC /* Mail Plugin Manager-Info.plist */ = {isa = PBXFileReference; lastKnownFileType = text.plist.xml; path = "Mail Plugin Manager-Info.plist"; sourceTree = "<group>"; };
		D216B348141DFDE1003788DC /* en */ = {isa = PBXFileReference; lastKnownFileType = text.plist.strings; name = en; path = en.lproj/InfoPlist.strings; sourceTree = "<group>"; };
		D216B34A141DFDE1003788DC /* main.m */ = {isa = PBXFileReference; lastKnownFileType = sourcecode.c.objc; path = main.m; sourceTree = "<group>"; };
		D216B34C141DFDE1003788DC /* Mail Plugin Manager-Prefix.pch */ = {isa = PBXFileReference; lastKnownFileType = sourcecode.c.h; name = "Mail Plugin Manager-Prefix.pch"; path = "Mail Bundle Manager/Mail Plugin Manager-Prefix.pch"; sourceTree = "<group>"; };
		D216B34E141DFDE1003788DC /* en */ = {isa = PBXFileReference; lastKnownFileType = text.rtf; name = en; path = en.lproj/Credits.rtf; sourceTree = "<group>"; };
		D216B350141DFDE1003788DC /* MBMAppDelegate.h */ = {isa = PBXFileReference; lastKnownFileType = sourcecode.c.h; path = MBMAppDelegate.h; sourceTree = "<group>"; };
		D216B351141DFDE1003788DC /* MBMAppDelegate.m */ = {isa = PBXFileReference; lastKnownFileType = sourcecode.c.objc; path = MBMAppDelegate.m; sourceTree = "<group>"; };
		D216B354141DFDE2003788DC /* en */ = {isa = PBXFileReference; lastKnownFileType = file.xib; name = en; path = en.lproj/MainMenu.xib; sourceTree = "<group>"; };
		D216B35B141DFDE2003788DC /* Mail Plugin ManagerTests.octest */ = {isa = PBXFileReference; explicitFileType = wrapper.cfbundle; includeInIndex = 0; path = "Mail Plugin ManagerTests.octest"; sourceTree = BUILT_PRODUCTS_DIR; };
		D216B35C141DFDE2003788DC /* SenTestingKit.framework */ = {isa = PBXFileReference; lastKnownFileType = wrapper.framework; name = SenTestingKit.framework; path = Library/Frameworks/SenTestingKit.framework; sourceTree = DEVELOPER_DIR; };
		D216B363141DFDE2003788DC /* Mail Plugin ManagerTests-Info.plist */ = {isa = PBXFileReference; lastKnownFileType = text.plist.xml; path = "Mail Plugin ManagerTests-Info.plist"; sourceTree = "<group>"; };
		D216B365141DFDE2003788DC /* en */ = {isa = PBXFileReference; lastKnownFileType = text.plist.strings; name = en; path = en.lproj/InfoPlist.strings; sourceTree = "<group>"; };
		D216B37B141E1676003788DC /* MBMConstants.h */ = {isa = PBXFileReference; fileEncoding = 4; lastKnownFileType = sourcecode.c.h; name = MBMConstants.h; path = "Mail Bundle Manager/MBMConstants.h"; sourceTree = "<group>"; };
		D216B37C141E1676003788DC /* MBMConstants.m */ = {isa = PBXFileReference; fileEncoding = 4; lastKnownFileType = sourcecode.c.objc; name = MBMConstants.m; path = "Mail Bundle Manager/MBMConstants.m"; sourceTree = "<group>"; };
		D216B37E141E1C21003788DC /* MBMManifestModel.h */ = {isa = PBXFileReference; fileEncoding = 4; lastKnownFileType = sourcecode.c.h; path = MBMManifestModel.h; sourceTree = "<group>"; };
		D222073B14F143E400881515 /* MBMBackgroundImage.pdf */ = {isa = PBXFileReference; lastKnownFileType = image.pdf; name = MBMBackgroundImage.pdf; path = "Mail Bundle Manager/MBMBackgroundImage.pdf"; sourceTree = "<group>"; };
		D222073E14F1B04000881515 /* NSObject+LKObject.h */ = {isa = PBXFileReference; fileEncoding = 4; lastKnownFileType = sourcecode.c.h; name = "NSObject+LKObject.h"; path = "../../LKKit/Categories/NSObject+LKObject.h"; sourceTree = "<group>"; };
		D222073F14F1B04000881515 /* NSObject+LKObject.m */ = {isa = PBXFileReference; fileEncoding = 4; lastKnownFileType = sourcecode.c.objc; name = "NSObject+LKObject.m"; path = "../../LKKit/Categories/NSObject+LKObject.m"; sourceTree = "<group>"; };
		D22CC053146BD87F0055CFBE /* ToolTestHarness.app */ = {isa = PBXFileReference; explicitFileType = wrapper.application; includeInIndex = 0; path = ToolTestHarness.app; sourceTree = BUILT_PRODUCTS_DIR; };
		D22CC058146BD87F0055CFBE /* ToolTestHarness-Info.plist */ = {isa = PBXFileReference; lastKnownFileType = text.plist.xml; path = "ToolTestHarness-Info.plist"; sourceTree = "<group>"; };
		D22CC05A146BD87F0055CFBE /* en */ = {isa = PBXFileReference; lastKnownFileType = text.plist.strings; name = en; path = en.lproj/InfoPlist.strings; sourceTree = "<group>"; };
		D22CC05C146BD87F0055CFBE /* main.m */ = {isa = PBXFileReference; lastKnownFileType = sourcecode.c.objc; path = main.m; sourceTree = "<group>"; };
		D22CC05E146BD8800055CFBE /* ToolTestHarness-Prefix.pch */ = {isa = PBXFileReference; lastKnownFileType = sourcecode.c.h; path = "ToolTestHarness-Prefix.pch"; sourceTree = "<group>"; };
		D22CC060146BD8800055CFBE /* en */ = {isa = PBXFileReference; lastKnownFileType = text.rtf; name = en; path = en.lproj/Credits.rtf; sourceTree = "<group>"; };
		D22CC062146BD8800055CFBE /* TTHAppDelegate.h */ = {isa = PBXFileReference; lastKnownFileType = sourcecode.c.h; path = TTHAppDelegate.h; sourceTree = "<group>"; };
		D22CC063146BD8800055CFBE /* TTHAppDelegate.m */ = {isa = PBXFileReference; lastKnownFileType = sourcecode.c.objc; path = TTHAppDelegate.m; sourceTree = "<group>"; };
		D22CC066146BD8800055CFBE /* en */ = {isa = PBXFileReference; lastKnownFileType = file.xib; name = en; path = en.lproj/MainMenu.xib; sourceTree = "<group>"; };
		D231F4471428ED4E002DB999 /* NSString+LKStructUtils.h */ = {isa = PBXFileReference; fileEncoding = 4; lastKnownFileType = sourcecode.c.h; name = "NSString+LKStructUtils.h"; path = "../../LKKit/Categories/NSString+LKStructUtils.h"; sourceTree = "<group>"; };
		D231F4481428ED4E002DB999 /* NSString+LKStructUtils.m */ = {isa = PBXFileReference; fileEncoding = 4; lastKnownFileType = sourcecode.c.objc; name = "NSString+LKStructUtils.m"; path = "../../LKKit/Categories/NSString+LKStructUtils.m"; sourceTree = "<group>"; };
		D231F44B1428ED5E002DB999 /* LKLogHelper.h */ = {isa = PBXFileReference; fileEncoding = 4; lastKnownFileType = sourcecode.c.h; name = LKLogHelper.h; path = ../../LKKit/Helpers/LKLogHelper.h; sourceTree = "<group>"; };
		D231F44C1428ED5E002DB999 /* LKLogHelper.m */ = {isa = PBXFileReference; fileEncoding = 4; lastKnownFileType = sourcecode.c.objc; name = LKLogHelper.m; path = ../../LKKit/Helpers/LKLogHelper.m; sourceTree = "<group>"; };
		D231F44E1428EE7B002DB999 /* LKInclude.pch */ = {isa = PBXFileReference; fileEncoding = 4; lastKnownFileType = sourcecode.c.h; name = LKInclude.pch; path = ../LKKit/LKInclude.pch; sourceTree = "<group>"; };
		D231F44F1428F035002DB999 /* README.markdown */ = {isa = PBXFileReference; lastKnownFileType = text; name = README.markdown; path = ../README.markdown; sourceTree = SOURCE_ROOT; };
		D23D3150144216E3007D30F8 /* companies.plist */ = {isa = PBXFileReference; fileEncoding = 4; lastKnownFileType = text.plist.xml; name = companies.plist; path = "Mail Bundle Manager/companies.plist"; sourceTree = "<group>"; };
		D23D3153144234B4007D30F8 /* MBMCompanyList.h */ = {isa = PBXFileReference; fileEncoding = 4; lastKnownFileType = sourcecode.c.h; path = MBMCompanyList.h; sourceTree = "<group>"; };
		D23D3154144234B4007D30F8 /* MBMCompanyList.m */ = {isa = PBXFileReference; fileEncoding = 4; lastKnownFileType = sourcecode.c.objc; path = MBMCompanyList.m; sourceTree = "<group>"; };
		D23D31571442573A007D30F8 /* MBMUUIDList.h */ = {isa = PBXFileReference; fileEncoding = 4; lastKnownFileType = sourcecode.c.h; path = MBMUUIDList.h; sourceTree = "<group>"; };
		D23D31581442573A007D30F8 /* MBMUUIDList.m */ = {isa = PBXFileReference; fileEncoding = 4; lastKnownFileType = sourcecode.c.objc; path = MBMUUIDList.m; sourceTree = "<group>"; };
		D23D315B1442575F007D30F8 /* MBMRemoteUpdatableList.h */ = {isa = PBXFileReference; fileEncoding = 4; lastKnownFileType = sourcecode.c.h; path = MBMRemoteUpdatableList.h; sourceTree = "<group>"; };
		D23D315C1442575F007D30F8 /* MBMRemoteUpdatableList.m */ = {isa = PBXFileReference; fileEncoding = 4; lastKnownFileType = sourcecode.c.objc; path = MBMRemoteUpdatableList.m; sourceTree = "<group>"; };
		D23D31601442FFE2007D30F8 /* MBMPluginMacros.h */ = {isa = PBXFileReference; fileEncoding = 4; lastKnownFileType = sourcecode.c.h; name = MBMPluginMacros.h; path = "Mail Bundle Manager/MBMPluginMacros.h"; sourceTree = "<group>"; };
		D23D316C1444DD7A007D30F8 /* MBMSystemInfo.h */ = {isa = PBXFileReference; fileEncoding = 4; lastKnownFileType = sourcecode.c.h; path = MBMSystemInfo.h; sourceTree = "<group>"; };
		D23D316D1444DD7A007D30F8 /* MBMSystemInfo.m */ = {isa = PBXFileReference; fileEncoding = 4; lastKnownFileType = sourcecode.c.objc; path = MBMSystemInfo.m; sourceTree = "<group>"; };
		D23D31701445B979007D30F8 /* NSUserDefaults+MBMShared.h */ = {isa = PBXFileReference; fileEncoding = 4; lastKnownFileType = sourcecode.c.h; path = "NSUserDefaults+MBMShared.h"; sourceTree = "<group>"; };
		D23D31711445B979007D30F8 /* NSUserDefaults+MBMShared.m */ = {isa = PBXFileReference; fileEncoding = 4; lastKnownFileType = sourcecode.c.objc; path = "NSUserDefaults+MBMShared.m"; sourceTree = "<group>"; };
		D24248A4148E515700DE7E6A /* MBMConstantsList.h */ = {isa = PBXFileReference; fileEncoding = 4; lastKnownFileType = sourcecode.c.h; name = MBMConstantsList.h; path = "Mail Bundle Manager/MBMConstantsList.h"; sourceTree = "<group>"; };
		D24AF648147D3565000EDC6F /* MBT Scripting.sdef */ = {isa = PBXFileReference; fileEncoding = 4; lastKnownFileType = text.xml; path = "MBT Scripting.sdef"; sourceTree = "<group>"; };
		D24AF64D147D4CAD000EDC6F /* MBTSendInfoCommand.h */ = {isa = PBXFileReference; fileEncoding = 4; lastKnownFileType = sourcecode.c.h; path = MBTSendInfoCommand.h; sourceTree = "<group>"; };
		D24AF64E147D4CAD000EDC6F /* MBTSendInfoCommand.m */ = {isa = PBXFileReference; fileEncoding = 4; lastKnownFileType = sourcecode.c.objc; path = MBTSendInfoCommand.m; sourceTree = "<group>"; };
		D24DA32D142CD0CB00720631 /* MBMAgreementWindow.xib */ = {isa = PBXFileReference; fileEncoding = 4; lastKnownFileType = file.xib; name = MBMAgreementWindow.xib; path = "Mail Bundle Manager/MBMAgreementWindow.xib"; sourceTree = "<group>"; };
		D24DA330142CD92300720631 /* Localizable.strings */ = {isa = PBXFileReference; fileEncoding = 4; lastKnownFileType = text.plist.strings; path = Localizable.strings; sourceTree = "<group>"; };
		D256CF0914F7DBD0001BA72D /* SUBasicUpdateDriver.h */ = {isa = PBXFileReference; fileEncoding = 4; lastKnownFileType = sourcecode.c.h; path = SUBasicUpdateDriver.h; sourceTree = "<group>"; };
		D256CF0A14F7DBD0001BA72D /* SUUpdateDriver.h */ = {isa = PBXFileReference; fileEncoding = 4; lastKnownFileType = sourcecode.c.h; path = SUUpdateDriver.h; sourceTree = "<group>"; };
		D256CF2D14F99CFF001BA72D /* MBTSparkleAsyncOperation.h */ = {isa = PBXFileReference; fileEncoding = 4; path = MBTSparkleAsyncOperation.h; sourceTree = "<group>"; };
		D256CF2E14F99CFF001BA72D /* MBTSparkleAsyncOperation.m */ = {isa = PBXFileReference; fileEncoding = 4; lastKnownFileType = sourcecode.c.objc; path = MBTSparkleAsyncOperation.m; sourceTree = "<group>"; };
		D25738D6143BBEF0009D4A97 /* DSClickableURLTextField.h */ = {isa = PBXFileReference; fileEncoding = 4; lastKnownFileType = sourcecode.c.h; path = DSClickableURLTextField.h; sourceTree = "<group>"; };
		D25738D7143BBEF0009D4A97 /* DSClickableURLTextField.m */ = {isa = PBXFileReference; fileEncoding = 4; lastKnownFileType = sourcecode.c.objc; path = DSClickableURLTextField.m; sourceTree = "<group>"; };
		D2730FD8142921B200EB5CB7 /* MBMManifestModel.m */ = {isa = PBXFileReference; fileEncoding = 4; lastKnownFileType = sourcecode.c.objc; path = MBMManifestModel.m; sourceTree = "<group>"; };
		D2730FDC142931D100EB5CB7 /* MBMInstallerController.h */ = {isa = PBXFileReference; fileEncoding = 4; lastKnownFileType = sourcecode.c.h; path = MBMInstallerController.h; sourceTree = "<group>"; };
		D2730FDD142931D100EB5CB7 /* MBMInstallerController.m */ = {isa = PBXFileReference; fileEncoding = 4; lastKnownFileType = sourcecode.c.objc; path = MBMInstallerController.m; sourceTree = "<group>"; };
		D2730FDF1429322A00EB5CB7 /* MBMInstallerWindow.xib */ = {isa = PBXFileReference; fileEncoding = 4; lastKnownFileType = file.xib; name = MBMInstallerWindow.xib; path = "Mail Bundle Manager/MBMInstallerWindow.xib"; sourceTree = "<group>"; };
		D2730FE314293F6100EB5CB7 /* MBMAnimatedListController.h */ = {isa = PBXFileReference; fileEncoding = 4; lastKnownFileType = sourcecode.c.h; path = MBMAnimatedListController.h; sourceTree = "<group>"; };
		D2730FE414293F6100EB5CB7 /* MBMAnimatedListController.m */ = {isa = PBXFileReference; fileEncoding = 4; lastKnownFileType = sourcecode.c.objc; path = MBMAnimatedListController.m; sourceTree = "<group>"; };
		D2730FEF142A1F4700EB5CB7 /* LKCGStructs.h */ = {isa = PBXFileReference; fileEncoding = 4; lastKnownFileType = sourcecode.c.h; name = LKCGStructs.h; path = ../../LKKit/Helpers/LKCGStructs.h; sourceTree = "<group>"; };
		D2730FF0142A1F4700EB5CB7 /* LKCGStructs.m */ = {isa = PBXFileReference; fileEncoding = 4; lastKnownFileType = sourcecode.c.objc; name = LKCGStructs.m; path = ../../LKKit/Helpers/LKCGStructs.m; sourceTree = "<group>"; };
		D2730FF2142B539300EB5CB7 /* InstallAnimationBackground.png */ = {isa = PBXFileReference; lastKnownFileType = image.png; name = InstallAnimationBackground.png; path = "Mail Bundle Manager/InstallAnimationBackground.png"; sourceTree = "<group>"; };
		D273100F142CB1E400EB5CB7 /* MBMConfirmationStep.h */ = {isa = PBXFileReference; fileEncoding = 4; lastKnownFileType = sourcecode.c.h; path = MBMConfirmationStep.h; sourceTree = "<group>"; };
		D2731010142CB1E400EB5CB7 /* MBMConfirmationStep.m */ = {isa = PBXFileReference; fileEncoding = 4; lastKnownFileType = sourcecode.c.objc; path = MBMConfirmationStep.m; sourceTree = "<group>"; };
		D2779BC014336287003F7BE0 /* MailBundleTool.app */ = {isa = PBXFileReference; explicitFileType = wrapper.application; includeInIndex = 0; path = MailBundleTool.app; sourceTree = BUILT_PRODUCTS_DIR; };
		D2779BC514336287003F7BE0 /* MailBundleTool-Info.plist */ = {isa = PBXFileReference; lastKnownFileType = text.plist.xml; path = "MailBundleTool-Info.plist"; sourceTree = "<group>"; };
		D2779BC714336287003F7BE0 /* en */ = {isa = PBXFileReference; lastKnownFileType = text.plist.strings; name = en; path = en.lproj/InfoPlist.strings; sourceTree = "<group>"; };
		D2779BC914336287003F7BE0 /* main.m */ = {isa = PBXFileReference; lastKnownFileType = sourcecode.c.objc; path = main.m; sourceTree = "<group>"; };
		D2779BCD14336287003F7BE0 /* en */ = {isa = PBXFileReference; lastKnownFileType = text.rtf; name = en; path = en.lproj/Credits.rtf; sourceTree = "<group>"; };
		D2779BCF14336287003F7BE0 /* MBTAppDelegate.h */ = {isa = PBXFileReference; lastKnownFileType = sourcecode.c.h; path = MBTAppDelegate.h; sourceTree = "<group>"; };
		D2779BD014336287003F7BE0 /* MBTAppDelegate.m */ = {isa = PBXFileReference; lastKnownFileType = sourcecode.c.objc; path = MBTAppDelegate.m; sourceTree = "<group>"; };
		D2779BD314336287003F7BE0 /* en */ = {isa = PBXFileReference; lastKnownFileType = file.xib; name = en; path = en.lproj/MainMenu.xib; sourceTree = "<group>"; };
		D2779BF214337389003F7BE0 /* QuartzCore.framework */ = {isa = PBXFileReference; lastKnownFileType = wrapper.framework; name = QuartzCore.framework; path = System/Library/Frameworks/QuartzCore.framework; sourceTree = SDKROOT; };
		D28F77E814209D1D0015E42F /* MBMActionItem.h */ = {isa = PBXFileReference; fileEncoding = 4; lastKnownFileType = sourcecode.c.h; path = MBMActionItem.h; sourceTree = "<group>"; };
		D28F77E914209D1D0015E42F /* MBMActionItem.m */ = {isa = PBXFileReference; fileEncoding = 4; lastKnownFileType = sourcecode.c.objc; path = MBMActionItem.m; sourceTree = "<group>"; };
		D2C473C7146B449B00B2981D /* Sparkle.framework */ = {isa = PBXFileReference; explicitFileType = wrapper.framework; path = Sparkle.framework; sourceTree = BUILT_PRODUCTS_DIR; };
		D2D1E6C0142FD8B4002FF1B1 /* errors.strings */ = {isa = PBXFileReference; fileEncoding = 4; lastKnownFileType = text.plist.strings; name = errors.strings; path = "Mail Bundle Manager/errors.strings"; sourceTree = "<group>"; };
		D2D1E6C714307968002FF1B1 /* LKError.h */ = {isa = PBXFileReference; fileEncoding = 4; lastKnownFileType = sourcecode.c.h; name = LKError.h; path = ../../LKKit/Helpers/LKError.h; sourceTree = "<group>"; };
		D2D1E6C814307968002FF1B1 /* LKError.m */ = {isa = PBXFileReference; fileEncoding = 4; lastKnownFileType = sourcecode.c.objc; name = LKError.m; path = ../../LKKit/Helpers/LKError.m; sourceTree = "<group>"; };
		D2D1E6CA1430827F002FF1B1 /* NSString+LKHelper.h */ = {isa = PBXFileReference; fileEncoding = 4; lastKnownFileType = sourcecode.c.h; name = "NSString+LKHelper.h"; path = "../../LKKit/Categories/NSString+LKHelper.h"; sourceTree = "<group>"; };
		D2D1E6CB1430827F002FF1B1 /* NSString+LKHelper.m */ = {isa = PBXFileReference; fileEncoding = 4; lastKnownFileType = sourcecode.c.objc; name = "NSString+LKHelper.m"; path = "../../LKKit/Categories/NSString+LKHelper.m"; sourceTree = "<group>"; };
		D2D1E6D61431BC3C002FF1B1 /* ManifestModelTests.h */ = {isa = PBXFileReference; fileEncoding = 4; lastKnownFileType = sourcecode.c.h; path = ManifestModelTests.h; sourceTree = "<group>"; };
		D2D1E6D71431BC3C002FF1B1 /* ManifestModelTests.m */ = {isa = PBXFileReference; fileEncoding = 4; lastKnownFileType = sourcecode.c.objc; path = ManifestModelTests.m; sourceTree = "<group>"; };
		D2D1E6D91431C171002FF1B1 /* mbm-manifest.plist */ = {isa = PBXFileReference; fileEncoding = 4; lastKnownFileType = text.plist.xml; path = "mbm-manifest.plist"; sourceTree = "<group>"; };
		D2D1E6DB1431EC29002FF1B1 /* MailBundleTests.h */ = {isa = PBXFileReference; fileEncoding = 4; lastKnownFileType = sourcecode.c.h; path = MailBundleTests.h; sourceTree = "<group>"; };
		D2D1E6DC1431EC29002FF1B1 /* MailBundleTests.m */ = {isa = PBXFileReference; fileEncoding = 4; lastKnownFileType = sourcecode.c.objc; path = MailBundleTests.m; sourceTree = "<group>"; };
		D2D1E72F14320D1B002FF1B1 /* ExamplePlugin.mailbundle */ = {isa = PBXFileReference; lastKnownFileType = folder; path = ExamplePlugin.mailbundle; sourceTree = "<group>"; };
		D2E90292141E36110058618F /* MBMMySparkleDelegate.h */ = {isa = PBXFileReference; fileEncoding = 4; lastKnownFileType = sourcecode.c.h; name = MBMMySparkleDelegate.h; path = "Mail Bundle Manager/MBMMySparkleDelegate.h"; sourceTree = "<group>"; };
		D2E90293141E36110058618F /* MBMMySparkleDelegate.m */ = {isa = PBXFileReference; fileEncoding = 4; lastKnownFileType = sourcecode.c.objc; name = MBMMySparkleDelegate.m; path = "Mail Bundle Manager/MBMMySparkleDelegate.m"; sourceTree = "<group>"; };
		D2E90295141E4C7F0058618F /* MBMMailBundle.h */ = {isa = PBXFileReference; fileEncoding = 4; lastKnownFileType = sourcecode.c.h; path = MBMMailBundle.h; sourceTree = "<group>"; };
		D2E90296141E4C7F0058618F /* MBMMailBundle.m */ = {isa = PBXFileReference; fileEncoding = 4; lastKnownFileType = sourcecode.c.objc; path = MBMMailBundle.m; sourceTree = "<group>"; };
		D2E90298141E5EF90058618F /* NSBundle+MBMAdditions.h */ = {isa = PBXFileReference; fileEncoding = 4; lastKnownFileType = sourcecode.c.h; path = "NSBundle+MBMAdditions.h"; sourceTree = "<group>"; };
		D2E90299141E5EF90058618F /* NSBundle+MBMAdditions.m */ = {isa = PBXFileReference; fileEncoding = 4; lastKnownFileType = sourcecode.c.objc; path = "NSBundle+MBMAdditions.m"; sourceTree = "<group>"; };
		D2E9029F141E643F0058618F /* lk-warnings.xcconfig */ = {isa = PBXFileReference; fileEncoding = 4; lastKnownFileType = text.xcconfig; name = "lk-warnings.xcconfig"; path = "../../lk-warnings.xcconfig"; sourceTree = "<group>"; };
		D2E902AB141E72460058618F /* MBMSparkleDelegate.h */ = {isa = PBXFileReference; fileEncoding = 4; lastKnownFileType = sourcecode.c.h; path = MBMSparkleDelegate.h; sourceTree = "<group>"; };
		D2E902AC141E72470058618F /* MBMSparkleDelegate.m */ = {isa = PBXFileReference; fileEncoding = 4; lastKnownFileType = sourcecode.c.objc; path = MBMSparkleDelegate.m; sourceTree = "<group>"; };
		D2EB824D148F9EE700C8B0DB /* Security.framework */ = {isa = PBXFileReference; lastKnownFileType = wrapper.framework; name = Security.framework; path = System/Library/Frameworks/Security.framework; sourceTree = SDKROOT; };
		D2EB8256148FA79300C8B0DB /* NSViewController+LKCollectionItemFix.h */ = {isa = PBXFileReference; fileEncoding = 4; lastKnownFileType = sourcecode.c.h; name = "NSViewController+LKCollectionItemFix.h"; path = "../../LKKit/Categories/NSViewController+LKCollectionItemFix.h"; sourceTree = "<group>"; };
		D2EB8257148FA79300C8B0DB /* NSViewController+LKCollectionItemFix.m */ = {isa = PBXFileReference; fileEncoding = 4; lastKnownFileType = sourcecode.c.objc; name = "NSViewController+LKCollectionItemFix.m"; path = "../../LKKit/Categories/NSViewController+LKCollectionItemFix.m"; sourceTree = "<group>"; };
		D2EB8258148FA79300C8B0DB /* NSFileManager+LKAdditions.h */ = {isa = PBXFileReference; fileEncoding = 4; lastKnownFileType = sourcecode.c.h; name = "NSFileManager+LKAdditions.h"; path = "../../LKKit/Categories/NSFileManager+LKAdditions.h"; sourceTree = "<group>"; };
		D2EB8259148FA79300C8B0DB /* NSFileManager+LKAdditions.m */ = {isa = PBXFileReference; fileEncoding = 4; lastKnownFileType = sourcecode.c.objc; name = "NSFileManager+LKAdditions.m"; path = "../../LKKit/Categories/NSFileManager+LKAdditions.m"; sourceTree = "<group>"; };
		D2EFB28414F44B8E00DEA922 /* InstallDocument.icns */ = {isa = PBXFileReference; lastKnownFileType = image.icns; path = InstallDocument.icns; sourceTree = "<group>"; };
		D2EFB28614F44B9500DEA922 /* UninstallDocument.icns */ = {isa = PBXFileReference; lastKnownFileType = image.icns; path = UninstallDocument.icns; sourceTree = "<group>"; };
		D2F70F7B143F1FA5000D5CC0 /* MBAppDelegate.h */ = {isa = PBXFileReference; fileEncoding = 4; lastKnownFileType = sourcecode.c.h; name = MBAppDelegate.h; path = "Mail Bundle Manager/MBAppDelegate.h"; sourceTree = "<group>"; };
		D2F70F7C143F1FA5000D5CC0 /* MBAppDelegate.m */ = {isa = PBXFileReference; fileEncoding = 4; lastKnownFileType = sourcecode.c.objc; name = MBAppDelegate.m; path = "Mail Bundle Manager/MBAppDelegate.m"; sourceTree = "<group>"; };
		D2F70F89143F43CF000D5CC0 /* MBMBackgroundableView.h */ = {isa = PBXFileReference; fileEncoding = 4; lastKnownFileType = sourcecode.c.h; name = MBMBackgroundableView.h; path = "Mail Bundle Manager/MBMBackgroundableView.h"; sourceTree = "<group>"; };
		D2F70F8A143F43CF000D5CC0 /* MBMBackgroundableView.m */ = {isa = PBXFileReference; fileEncoding = 4; lastKnownFileType = sourcecode.c.objc; name = MBMBackgroundableView.m; path = "Mail Bundle Manager/MBMBackgroundableView.m"; sourceTree = "<group>"; };
/* End PBXFileReference section */

/* Begin PBXFrameworksBuildPhase section */
		D216B337141DFDE1003788DC /* Frameworks */ = {
			isa = PBXFrameworksBuildPhase;
			buildActionMask = 2147483647;
			files = (
				D2EB824E148F9EE700C8B0DB /* Security.framework in Frameworks */,
				D24248A6148E53C800DE7E6A /* QuartzCore.framework in Frameworks */,
				D216B33F141DFDE1003788DC /* Cocoa.framework in Frameworks */,
				D24248A8148E544100DE7E6A /* Sparkle.framework in Frameworks */,
			);
			runOnlyForDeploymentPostprocessing = 0;
		};
		D216B357141DFDE2003788DC /* Frameworks */ = {
			isa = PBXFrameworksBuildPhase;
			buildActionMask = 2147483647;
			files = (
				D216B35D141DFDE2003788DC /* SenTestingKit.framework in Frameworks */,
				D216B35E141DFDE2003788DC /* Cocoa.framework in Frameworks */,
			);
			runOnlyForDeploymentPostprocessing = 0;
		};
		D22CC050146BD87F0055CFBE /* Frameworks */ = {
			isa = PBXFrameworksBuildPhase;
			buildActionMask = 2147483647;
			files = (
				D22CC055146BD87F0055CFBE /* Cocoa.framework in Frameworks */,
			);
			runOnlyForDeploymentPostprocessing = 0;
		};
		D2779BBD14336287003F7BE0 /* Frameworks */ = {
			isa = PBXFrameworksBuildPhase;
			buildActionMask = 2147483647;
			files = (
				D2EB824F148F9EFA00C8B0DB /* Security.framework in Frameworks */,
				D2779BC214336287003F7BE0 /* Cocoa.framework in Frameworks */,
				D2C473C9146B44C200B2981D /* Sparkle.framework in Frameworks */,
				D2C473CA146B44DA00B2981D /* QuartzCore.framework in Frameworks */,
			);
			runOnlyForDeploymentPostprocessing = 0;
		};
/* End PBXFrameworksBuildPhase section */

/* Begin PBXGroup section */
		D216B32F141DFDE1003788DC = {
			isa = PBXGroup;
			children = (
				D2779BD9143364C9003F7BE0 /* Common Source */,
				D216B344141DFDE1003788DC /* Mail Bundle Manager */,
				D2779BC314336287003F7BE0 /* MailBundleTool */,
				D22CC056146BD87F0055CFBE /* ToolTestHarness */,
				D216B361141DFDE2003788DC /* Mail Bundle ManagerTests */,
				D216B33D141DFDE1003788DC /* Frameworks */,
				D216B33B141DFDE1003788DC /* Products */,
			);
			sourceTree = "<group>";
		};
		D216B33B141DFDE1003788DC /* Products */ = {
			isa = PBXGroup;
			children = (
				D216B33A141DFDE1003788DC /* Mail Plugin Manager.app */,
				D216B35B141DFDE2003788DC /* Mail Plugin ManagerTests.octest */,
				D2779BC014336287003F7BE0 /* MailBundleTool.app */,
				D22CC053146BD87F0055CFBE /* ToolTestHarness.app */,
			);
			name = Products;
			sourceTree = "<group>";
		};
		D216B33D141DFDE1003788DC /* Frameworks */ = {
			isa = PBXGroup;
			children = (
				D2EB824D148F9EE700C8B0DB /* Security.framework */,
				D2C473C7146B449B00B2981D /* Sparkle.framework */,
				D2779BF214337389003F7BE0 /* QuartzCore.framework */,
				D216B33E141DFDE1003788DC /* Cocoa.framework */,
				D216B35C141DFDE2003788DC /* SenTestingKit.framework */,
				D216B340141DFDE1003788DC /* Other Frameworks */,
			);
			name = Frameworks;
			sourceTree = "<group>";
		};
		D216B340141DFDE1003788DC /* Other Frameworks */ = {
			isa = PBXGroup;
			children = (
				D216B341141DFDE1003788DC /* AppKit.framework */,
				D216B342141DFDE1003788DC /* CoreData.framework */,
				D216B343141DFDE1003788DC /* Foundation.framework */,
			);
			name = "Other Frameworks";
			sourceTree = "<group>";
		};
		D216B344141DFDE1003788DC /* Mail Bundle Manager */ = {
			isa = PBXGroup;
			children = (
				D216B350141DFDE1003788DC /* MBMAppDelegate.h */,
				D216B351141DFDE1003788DC /* MBMAppDelegate.m */,
				D2E9029D141E63D10058618F /* Resources */,
				D2E9029B141E638B0058618F /* Project */,
			);
			path = "Mail Bundle Manager";
			sourceTree = "<group>";
		};
		D216B361141DFDE2003788DC /* Mail Bundle ManagerTests */ = {
			isa = PBXGroup;
			children = (
				D2D1E6D61431BC3C002FF1B1 /* ManifestModelTests.h */,
				D2D1E6D71431BC3C002FF1B1 /* ManifestModelTests.m */,
				D2D1E6DB1431EC29002FF1B1 /* MailBundleTests.h */,
				D2D1E6DC1431EC29002FF1B1 /* MailBundleTests.m */,
				D2D1E6E114320B61002FF1B1 /* TestData */,
				D216B362141DFDE2003788DC /* Supporting Files */,
			);
			path = "Mail Bundle ManagerTests";
			sourceTree = "<group>";
		};
		D216B362141DFDE2003788DC /* Supporting Files */ = {
			isa = PBXGroup;
			children = (
				D2D1E6D91431C171002FF1B1 /* mbm-manifest.plist */,
				D216B363141DFDE2003788DC /* Mail Plugin ManagerTests-Info.plist */,
				D216B364141DFDE2003788DC /* InfoPlist.strings */,
			);
			name = "Supporting Files";
			sourceTree = "<group>";
		};
		D22CC056146BD87F0055CFBE /* ToolTestHarness */ = {
			isa = PBXGroup;
			children = (
				D22CC062146BD8800055CFBE /* TTHAppDelegate.h */,
				D22CC063146BD8800055CFBE /* TTHAppDelegate.m */,
				D22CC065146BD8800055CFBE /* MainMenu.xib */,
				D22CC057146BD87F0055CFBE /* Supporting Files */,
			);
			path = ToolTestHarness;
			sourceTree = "<group>";
		};
		D22CC057146BD87F0055CFBE /* Supporting Files */ = {
			isa = PBXGroup;
			children = (
				D22CC058146BD87F0055CFBE /* ToolTestHarness-Info.plist */,
				D22CC059146BD87F0055CFBE /* InfoPlist.strings */,
				D22CC05C146BD87F0055CFBE /* main.m */,
				D22CC05E146BD8800055CFBE /* ToolTestHarness-Prefix.pch */,
				D22CC05F146BD8800055CFBE /* Credits.rtf */,
			);
			name = "Supporting Files";
			sourceTree = "<group>";
		};
		D256CF0814F7DB97001BA72D /* External Headers */ = {
			isa = PBXGroup;
			children = (
				D256CF0914F7DBD0001BA72D /* SUBasicUpdateDriver.h */,
				D256CF0A14F7DBD0001BA72D /* SUUpdateDriver.h */,
			);
			name = "External Headers";
			sourceTree = "<group>";
		};
		D2730FE214293EE600EB5CB7 /* Controllers */ = {
			isa = PBXGroup;
			children = (
				D2730FDC142931D100EB5CB7 /* MBMInstallerController.h */,
				D2730FDD142931D100EB5CB7 /* MBMInstallerController.m */,
				D2730FE314293F6100EB5CB7 /* MBMAnimatedListController.h */,
				D2730FE414293F6100EB5CB7 /* MBMAnimatedListController.m */,
			);
			name = Controllers;
			path = "Mail Bundle Manager";
			sourceTree = "<group>";
		};
		D2779BC314336287003F7BE0 /* MailBundleTool */ = {
			isa = PBXGroup;
			children = (
				D2779BCF14336287003F7BE0 /* MBTAppDelegate.h */,
				D2779BD014336287003F7BE0 /* MBTAppDelegate.m */,
				D24AF64D147D4CAD000EDC6F /* MBTSendInfoCommand.h */,
				D24AF64E147D4CAD000EDC6F /* MBTSendInfoCommand.m */,
				D20537F1143B15ED002F0157 /* MBTSinglePluginController.h */,
				D20537F2143B15ED002F0157 /* MBTSinglePluginController.m */,
				D256CF2D14F99CFF001BA72D /* MBTSparkleAsyncOperation.h */,
				D256CF2E14F99CFF001BA72D /* MBTSparkleAsyncOperation.m */,
				D25738D6143BBEF0009D4A97 /* DSClickableURLTextField.h */,
				D25738D7143BBEF0009D4A97 /* DSClickableURLTextField.m */,
				D2779BD8143363DF003F7BE0 /* Resources */,
				D2779BC414336287003F7BE0 /* Project */,
				D256CF0814F7DB97001BA72D /* External Headers */,
			);
			path = MailBundleTool;
			sourceTree = "<group>";
		};
		D2779BC414336287003F7BE0 /* Project */ = {
			isa = PBXGroup;
			children = (
				D2779BC514336287003F7BE0 /* MailBundleTool-Info.plist */,
				D2779BC914336287003F7BE0 /* main.m */,
			);
			name = Project;
			sourceTree = "<group>";
		};
		D2779BD8143363DF003F7BE0 /* Resources */ = {
			isa = PBXGroup;
			children = (
				D24AF648147D3565000EDC6F /* MBT Scripting.sdef */,
				D2779BD214336287003F7BE0 /* MainMenu.xib */,
				D20537F4143B161C002F0157 /* MBTSinglePluginWindow.xib */,
				D2779BCC14336287003F7BE0 /* Credits.rtf */,
				D2779BC614336287003F7BE0 /* InfoPlist.strings */,
			);
			name = Resources;
			sourceTree = "<group>";
		};
		D2779BD9143364C9003F7BE0 /* Common Source */ = {
			isa = PBXGroup;
			children = (
				D2F70F7B143F1FA5000D5CC0 /* MBAppDelegate.h */,
				D2F70F7C143F1FA5000D5CC0 /* MBAppDelegate.m */,
				D2E90292141E36110058618F /* MBMMySparkleDelegate.h */,
				D2E90293141E36110058618F /* MBMMySparkleDelegate.m */,
				D2F70F89143F43CF000D5CC0 /* MBMBackgroundableView.h */,
				D2F70F8A143F43CF000D5CC0 /* MBMBackgroundableView.m */,
				D24248A4148E515700DE7E6A /* MBMConstantsList.h */,
				D216B37B141E1676003788DC /* MBMConstants.h */,
				D216B37C141E1676003788DC /* MBMConstants.m */,
				D23D31601442FFE2007D30F8 /* MBMPluginMacros.h */,
				D2730FE214293EE600EB5CB7 /* Controllers */,
				D2E9029C141E63990058618F /* Model */,
				D2E9029E141E63F70058618F /* Categories */,
				D2F38F14141E9E6D00E564FB /* Utils */,
				D2779BDA14336588003F7BE0 /* Resources */,
				D2779BDB143365DB003F7BE0 /* Project */,
			);
			name = "Common Source";
			sourceTree = "<group>";
		};
		D2779BDA14336588003F7BE0 /* Resources */ = {
			isa = PBXGroup;
			children = (
				D2730FF2142B539300EB5CB7 /* InstallAnimationBackground.png */,
				D2730FDF1429322A00EB5CB7 /* MBMInstallerWindow.xib */,
				D24DA32D142CD0CB00720631 /* MBMAgreementWindow.xib */,
				D20A3EDD1434B3520083B10A /* MBMBundleView.xib */,
				D2D1E6C0142FD8B4002FF1B1 /* errors.strings */,
				D20537B91436223D002F0157 /* uuids.plist */,
				D23D3150144216E3007D30F8 /* companies.plist */,
				D20537B614361EB6002F0157 /* GenericPlugin.png */,
				D20537C51439CD3E002F0157 /* BundleBackground.png */,
				D20537C21439C9BB002F0157 /* BundleBackgroundRed.png */,
				D222073B14F143E400881515 /* MBMBackgroundImage.pdf */,
			);
			name = Resources;
			sourceTree = "<group>";
		};
		D2779BDB143365DB003F7BE0 /* Project */ = {
			isa = PBXGroup;
			children = (
				D231F44F1428F035002DB999 /* README.markdown */,
				D216B34C141DFDE1003788DC /* Mail Plugin Manager-Prefix.pch */,
				D231F44E1428EE7B002DB999 /* LKInclude.pch */,
				D2E9029F141E643F0058618F /* lk-warnings.xcconfig */,
			);
			name = Project;
			sourceTree = "<group>";
		};
		D2D1E6E114320B61002FF1B1 /* TestData */ = {
			isa = PBXGroup;
			children = (
				D2D1E72F14320D1B002FF1B1 /* ExamplePlugin.mailbundle */,
			);
			path = TestData;
			sourceTree = "<group>";
		};
		D2E9029B141E638B0058618F /* Project */ = {
			isa = PBXGroup;
			children = (
				D216B346141DFDE1003788DC /* Mail Plugin Manager-Info.plist */,
				D216B34A141DFDE1003788DC /* main.m */,
			);
			name = Project;
			sourceTree = "<group>";
		};
		D2E9029C141E63990058618F /* Model */ = {
			isa = PBXGroup;
			children = (
				D2E90295141E4C7F0058618F /* MBMMailBundle.h */,
				D2E90296141E4C7F0058618F /* MBMMailBundle.m */,
				D2E902AB141E72460058618F /* MBMSparkleDelegate.h */,
				D2E902AC141E72470058618F /* MBMSparkleDelegate.m */,
				D216B37E141E1C21003788DC /* MBMManifestModel.h */,
				D2730FD8142921B200EB5CB7 /* MBMManifestModel.m */,
				D28F77E814209D1D0015E42F /* MBMActionItem.h */,
				D28F77E914209D1D0015E42F /* MBMActionItem.m */,
				D273100F142CB1E400EB5CB7 /* MBMConfirmationStep.h */,
				D2731010142CB1E400EB5CB7 /* MBMConfirmationStep.m */,
				D23D315B1442575F007D30F8 /* MBMRemoteUpdatableList.h */,
				D23D315C1442575F007D30F8 /* MBMRemoteUpdatableList.m */,
				D23D3153144234B4007D30F8 /* MBMCompanyList.h */,
				D23D3154144234B4007D30F8 /* MBMCompanyList.m */,
				D23D31571442573A007D30F8 /* MBMUUIDList.h */,
				D23D31581442573A007D30F8 /* MBMUUIDList.m */,
				D23D316C1444DD7A007D30F8 /* MBMSystemInfo.h */,
				D23D316D1444DD7A007D30F8 /* MBMSystemInfo.m */,
			);
			name = Model;
			path = "Mail Bundle Manager";
			sourceTree = "<group>";
		};
		D2E9029D141E63D10058618F /* Resources */ = {
			isa = PBXGroup;
			children = (
				D216B353141DFDE2003788DC /* MainMenu.xib */,
				D24DA330142CD92300720631 /* Localizable.strings */,
				D2EFB28414F44B8E00DEA922 /* InstallDocument.icns */,
				D2EFB28614F44B9500DEA922 /* UninstallDocument.icns */,
				D216B347141DFDE1003788DC /* InfoPlist.strings */,
				D216B34D141DFDE1003788DC /* Credits.rtf */,
			);
			name = Resources;
			sourceTree = "<group>";
		};
		D2E9029E141E63F70058618F /* Categories */ = {
			isa = PBXGroup;
			children = (
				D2E90298141E5EF90058618F /* NSBundle+MBMAdditions.h */,
				D2E90299141E5EF90058618F /* NSBundle+MBMAdditions.m */,
				D23D31701445B979007D30F8 /* NSUserDefaults+MBMShared.h */,
				D23D31711445B979007D30F8 /* NSUserDefaults+MBMShared.m */,
				D2EB8256148FA79300C8B0DB /* NSViewController+LKCollectionItemFix.h */,
				D2EB8257148FA79300C8B0DB /* NSViewController+LKCollectionItemFix.m */,
				D2EB8258148FA79300C8B0DB /* NSFileManager+LKAdditions.h */,
				D2EB8259148FA79300C8B0DB /* NSFileManager+LKAdditions.m */,
			);
			name = Categories;
			path = "Mail Bundle Manager";
			sourceTree = "<group>";
		};
		D2F38F14141E9E6D00E564FB /* Utils */ = {
			isa = PBXGroup;
			children = (
				D231F4471428ED4E002DB999 /* NSString+LKStructUtils.h */,
				D231F4481428ED4E002DB999 /* NSString+LKStructUtils.m */,
				D2D1E6CA1430827F002FF1B1 /* NSString+LKHelper.h */,
				D2D1E6CB1430827F002FF1B1 /* NSString+LKHelper.m */,
				D222073E14F1B04000881515 /* NSObject+LKObject.h */,
				D222073F14F1B04000881515 /* NSObject+LKObject.m */,
				D2730FEF142A1F4700EB5CB7 /* LKCGStructs.h */,
				D2730FF0142A1F4700EB5CB7 /* LKCGStructs.m */,
				D231F44B1428ED5E002DB999 /* LKLogHelper.h */,
				D231F44C1428ED5E002DB999 /* LKLogHelper.m */,
				D2D1E6C714307968002FF1B1 /* LKError.h */,
				D2D1E6C814307968002FF1B1 /* LKError.m */,
			);
			name = Utils;
			path = "Mail Bundle Manager";
			sourceTree = "<group>";
		};
/* End PBXGroup section */

/* Begin PBXNativeTarget section */
		D216B339141DFDE1003788DC /* Mail Plugin Manager */ = {
			isa = PBXNativeTarget;
			buildConfigurationList = D216B36C141DFDE2003788DC /* Build configuration list for PBXNativeTarget "Mail Plugin Manager" */;
			buildPhases = (
				D216B336141DFDE1003788DC /* Sources */,
				D216B337141DFDE1003788DC /* Frameworks */,
				D216B379141E0071003788DC /* Copy Frameworks */,
				D216B338141DFDE1003788DC /* Resources */,
				D256CF1414F92D2B001BA72D /* Copy Bundle Tool */,
			);
			buildRules = (
			);
			dependencies = (
				D256CF1214F92D12001BA72D /* PBXTargetDependency */,
			);
			name = "Mail Plugin Manager";
			productName = "Mail Bundle Manager";
			productReference = D216B33A141DFDE1003788DC /* Mail Plugin Manager.app */;
			productType = "com.apple.product-type.application";
		};
		D216B35A141DFDE2003788DC /* Mail Plugin ManagerTests */ = {
			isa = PBXNativeTarget;
			buildConfigurationList = D216B36F141DFDE2003788DC /* Build configuration list for PBXNativeTarget "Mail Plugin ManagerTests" */;
			buildPhases = (
				D216B356141DFDE2003788DC /* Sources */,
				D216B357141DFDE2003788DC /* Frameworks */,
				D2D1E6DF1431EFF7002FF1B1 /* Copy Framework */,
				D216B358141DFDE2003788DC /* Resources */,
				D2D1E70814320BA6002FF1B1 /* Copy Test Data */,
				D216B359141DFDE2003788DC /* Run Script */,
			);
			buildRules = (
			);
			dependencies = (
				D216B360141DFDE2003788DC /* PBXTargetDependency */,
			);
			name = "Mail Plugin ManagerTests";
			productName = "Mail Bundle ManagerTests";
			productReference = D216B35B141DFDE2003788DC /* Mail Plugin ManagerTests.octest */;
			productType = "com.apple.product-type.bundle";
		};
		D22CC052146BD87F0055CFBE /* ToolTestHarness */ = {
			isa = PBXNativeTarget;
			buildConfigurationList = D22CC068146BD8800055CFBE /* Build configuration list for PBXNativeTarget "ToolTestHarness" */;
			buildPhases = (
				D22CC04F146BD87F0055CFBE /* Sources */,
				D22CC050146BD87F0055CFBE /* Frameworks */,
				D22CC051146BD87F0055CFBE /* Resources */,
			);
			buildRules = (
			);
			dependencies = (
				D256CF0F14F92CDA001BA72D /* PBXTargetDependency */,
				D24AF646147D177A000EDC6F /* PBXTargetDependency */,
			);
			name = ToolTestHarness;
			productName = ToolTestHarness;
			productReference = D22CC053146BD87F0055CFBE /* ToolTestHarness.app */;
			productType = "com.apple.product-type.application";
		};
		D2779BBF14336287003F7BE0 /* MailBundleTool */ = {
			isa = PBXNativeTarget;
			buildConfigurationList = D2779BD514336287003F7BE0 /* Build configuration list for PBXNativeTarget "MailBundleTool" */;
			buildPhases = (
				D2779BBC14336287003F7BE0 /* Sources */,
				D2779BBD14336287003F7BE0 /* Frameworks */,
				D2779BEF14337344003F7BE0 /* Copy Frameworks */,
				D2779BBE14336287003F7BE0 /* Resources */,
			);
			buildRules = (
			);
			dependencies = (
			);
			name = MailBundleTool;
			productName = MailBundleTool;
			productReference = D2779BC014336287003F7BE0 /* MailBundleTool.app */;
			productType = "com.apple.product-type.application";
		};
/* End PBXNativeTarget section */

/* Begin PBXProject section */
		D216B331141DFDE1003788DC /* Project object */ = {
			isa = PBXProject;
			attributes = {
				LastUpgradeCheck = 0430;
				ORGANIZATIONNAME = "Little Known Software";
			};
			buildConfigurationList = D216B334141DFDE1003788DC /* Build configuration list for PBXProject "Mail Plugin Manager" */;
			compatibilityVersion = "Xcode 3.2";
			developmentRegion = English;
			hasScannedForEncodings = 0;
			knownRegions = (
				en,
				fr,
			);
			mainGroup = D216B32F141DFDE1003788DC;
			productRefGroup = D216B33B141DFDE1003788DC /* Products */;
			projectDirPath = "";
			projectRoot = "";
			targets = (
				D216B339141DFDE1003788DC /* Mail Plugin Manager */,
				D2779BBF14336287003F7BE0 /* MailBundleTool */,
				D216B35A141DFDE2003788DC /* Mail Plugin ManagerTests */,
				D22CC052146BD87F0055CFBE /* ToolTestHarness */,
			);
		};
/* End PBXProject section */

/* Begin PBXResourcesBuildPhase section */
		D216B338141DFDE1003788DC /* Resources */ = {
			isa = PBXResourcesBuildPhase;
			buildActionMask = 2147483647;
			files = (
				D216B349141DFDE1003788DC /* InfoPlist.strings in Resources */,
				D216B34F141DFDE1003788DC /* Credits.rtf in Resources */,
				D216B355141DFDE2003788DC /* MainMenu.xib in Resources */,
				D2730FE01429322A00EB5CB7 /* MBMInstallerWindow.xib in Resources */,
				D2730FF3142B539300EB5CB7 /* InstallAnimationBackground.png in Resources */,
				D24DA32E142CD0CB00720631 /* MBMAgreementWindow.xib in Resources */,
				D24DA331142CD92300720631 /* Localizable.strings in Resources */,
				D2D1E6C1142FD8B4002FF1B1 /* errors.strings in Resources */,
				D20A3EDE1434B3520083B10A /* MBMBundleView.xib in Resources */,
				D20537B714361EB6002F0157 /* GenericPlugin.png in Resources */,
				D20537BA1436223D002F0157 /* uuids.plist in Resources */,
				D20537C41439C9BB002F0157 /* BundleBackgroundRed.png in Resources */,
				D20537C61439CD3E002F0157 /* BundleBackground.png in Resources */,
				D23D3151144216E3007D30F8 /* companies.plist in Resources */,
				D222073C14F143E400881515 /* MBMBackgroundImage.pdf in Resources */,
				D2EFB28514F44B8E00DEA922 /* InstallDocument.icns in Resources */,
				D2EFB28714F44B9500DEA922 /* UninstallDocument.icns in Resources */,
			);
			runOnlyForDeploymentPostprocessing = 0;
		};
		D216B358141DFDE2003788DC /* Resources */ = {
			isa = PBXResourcesBuildPhase;
			buildActionMask = 2147483647;
			files = (
				D216B366141DFDE2003788DC /* InfoPlist.strings in Resources */,
				D2D1E6DA1431C171002FF1B1 /* mbm-manifest.plist in Resources */,
			);
			runOnlyForDeploymentPostprocessing = 0;
		};
		D22CC051146BD87F0055CFBE /* Resources */ = {
			isa = PBXResourcesBuildPhase;
			buildActionMask = 2147483647;
			files = (
				D22CC05B146BD87F0055CFBE /* InfoPlist.strings in Resources */,
				D22CC061146BD8800055CFBE /* Credits.rtf in Resources */,
				D22CC067146BD8800055CFBE /* MainMenu.xib in Resources */,
			);
			runOnlyForDeploymentPostprocessing = 0;
		};
		D2779BBE14336287003F7BE0 /* Resources */ = {
			isa = PBXResourcesBuildPhase;
			buildActionMask = 2147483647;
			files = (
				D2779BC814336287003F7BE0 /* InfoPlist.strings in Resources */,
				D2779BCE14336287003F7BE0 /* Credits.rtf in Resources */,
				D2779BD414336287003F7BE0 /* MainMenu.xib in Resources */,
				D2779BDD14336641003F7BE0 /* InstallAnimationBackground.png in Resources */,
				D2779BDE14336641003F7BE0 /* MBMInstallerWindow.xib in Resources */,
				D2779BDF14336641003F7BE0 /* MBMAgreementWindow.xib in Resources */,
				D2779BE014336641003F7BE0 /* errors.strings in Resources */,
				D20537B814361F95002F0157 /* GenericPlugin.png in Resources */,
				D20537BB1436223D002F0157 /* uuids.plist in Resources */,
				D20537F5143B161C002F0157 /* MBTSinglePluginWindow.xib in Resources */,
				D2F70F82143F29EC000D5CC0 /* MBMBundleView.xib in Resources */,
				D2F70F84143F34B7000D5CC0 /* BundleBackground.png in Resources */,
				D2F70F85143F34B7000D5CC0 /* BundleBackgroundRed.png in Resources */,
				D23D3152144216E3007D30F8 /* companies.plist in Resources */,
				D24AF649147D3565000EDC6F /* MBT Scripting.sdef in Resources */,
				D222073D14F143E400881515 /* MBMBackgroundImage.pdf in Resources */,
			);
			runOnlyForDeploymentPostprocessing = 0;
		};
/* End PBXResourcesBuildPhase section */

/* Begin PBXShellScriptBuildPhase section */
		D216B359141DFDE2003788DC /* Run Script */ = {
			isa = PBXShellScriptBuildPhase;
			buildActionMask = 2147483647;
			files = (
			);
			inputPaths = (
			);
			name = "Run Script";
			outputPaths = (
			);
			runOnlyForDeploymentPostprocessing = 0;
			shellPath = /bin/sh;
			shellScript = "# Run the unit tests in this test bundle.\n\"${SYSTEM_DEVELOPER_DIR}/Tools/RunUnitTests\"\n";
		};
/* End PBXShellScriptBuildPhase section */

/* Begin PBXSourcesBuildPhase section */
		D216B336141DFDE1003788DC /* Sources */ = {
			isa = PBXSourcesBuildPhase;
			buildActionMask = 2147483647;
			files = (
				D216B34B141DFDE1003788DC /* main.m in Sources */,
				D216B352141DFDE1003788DC /* MBMAppDelegate.m in Sources */,
				D216B37D141E1676003788DC /* MBMConstants.m in Sources */,
				D2E90294141E36120058618F /* MBMMySparkleDelegate.m in Sources */,
				D2E90297141E4C800058618F /* MBMMailBundle.m in Sources */,
				D2E9029A141E5EFA0058618F /* NSBundle+MBMAdditions.m in Sources */,
				D2E902AD141E72470058618F /* MBMSparkleDelegate.m in Sources */,
				D28F77EA14209D1D0015E42F /* MBMActionItem.m in Sources */,
				D231F4491428ED4E002DB999 /* NSString+LKStructUtils.m in Sources */,
				D231F44D1428ED5E002DB999 /* LKLogHelper.m in Sources */,
				D2730FD9142921B200EB5CB7 /* MBMManifestModel.m in Sources */,
				D2730FDE142931D100EB5CB7 /* MBMInstallerController.m in Sources */,
				D2730FE614293F6100EB5CB7 /* MBMAnimatedListController.m in Sources */,
				D2730FF1142A1F4700EB5CB7 /* LKCGStructs.m in Sources */,
				D2731011142CB1E500EB5CB7 /* MBMConfirmationStep.m in Sources */,
				D2D1E6C914307968002FF1B1 /* LKError.m in Sources */,
				D2D1E6CC1430827F002FF1B1 /* NSString+LKHelper.m in Sources */,
				D2F70F7D143F1FA5000D5CC0 /* MBAppDelegate.m in Sources */,
				D2F70F8B143F43CF000D5CC0 /* MBMBackgroundableView.m in Sources */,
				D23D3155144234B4007D30F8 /* MBMCompanyList.m in Sources */,
				D23D31591442573A007D30F8 /* MBMUUIDList.m in Sources */,
				D23D315D1442575F007D30F8 /* MBMRemoteUpdatableList.m in Sources */,
				D23D316E1444DD7B007D30F8 /* MBMSystemInfo.m in Sources */,
				D23D31721445B979007D30F8 /* NSUserDefaults+MBMShared.m in Sources */,
				D2EB825A148FA79300C8B0DB /* NSViewController+LKCollectionItemFix.m in Sources */,
				D2EB825C148FA79300C8B0DB /* NSFileManager+LKAdditions.m in Sources */,
				D222074014F1B04000881515 /* NSObject+LKObject.m in Sources */,
			);
			runOnlyForDeploymentPostprocessing = 0;
		};
		D216B356141DFDE2003788DC /* Sources */ = {
			isa = PBXSourcesBuildPhase;
			buildActionMask = 2147483647;
			files = (
				D2D1E6D81431BC3C002FF1B1 /* ManifestModelTests.m in Sources */,
				D2D1E6DD1431EC2A002FF1B1 /* MailBundleTests.m in Sources */,
			);
			runOnlyForDeploymentPostprocessing = 0;
		};
		D22CC04F146BD87F0055CFBE /* Sources */ = {
			isa = PBXSourcesBuildPhase;
			buildActionMask = 2147483647;
			files = (
				D22CC05D146BD87F0055CFBE /* main.m in Sources */,
				D22CC064146BD8800055CFBE /* TTHAppDelegate.m in Sources */,
			);
			runOnlyForDeploymentPostprocessing = 0;
		};
		D2779BBC14336287003F7BE0 /* Sources */ = {
			isa = PBXSourcesBuildPhase;
			buildActionMask = 2147483647;
			files = (
				D2779BCA14336287003F7BE0 /* main.m in Sources */,
				D2779BD114336287003F7BE0 /* MBTAppDelegate.m in Sources */,
				D2779BDC14336639003F7BE0 /* MBMConstants.m in Sources */,
				D2779BE114336649003F7BE0 /* NSBundle+MBMAdditions.m in Sources */,
				D2779BE214336651003F7BE0 /* MBMInstallerController.m in Sources */,
				D2779BE314336651003F7BE0 /* MBMAnimatedListController.m in Sources */,
				D2779BE41433665D003F7BE0 /* MBMMailBundle.m in Sources */,
				D2779BE51433665D003F7BE0 /* MBMSparkleDelegate.m in Sources */,
				D2779BE61433665D003F7BE0 /* MBMManifestModel.m in Sources */,
				D2779BE71433665D003F7BE0 /* MBMActionItem.m in Sources */,
				D2779BE81433665D003F7BE0 /* MBMConfirmationStep.m in Sources */,
				D2779BE9143366CC003F7BE0 /* MBMMySparkleDelegate.m in Sources */,
				D2779BEA14336DDC003F7BE0 /* NSString+LKStructUtils.m in Sources */,
				D2779BEB14336DDC003F7BE0 /* NSString+LKHelper.m in Sources */,
				D2779BEC14336DDC003F7BE0 /* LKCGStructs.m in Sources */,
				D2779BED14336DDC003F7BE0 /* LKLogHelper.m in Sources */,
				D2779BEE14336DDC003F7BE0 /* LKError.m in Sources */,
				D20537F3143B15ED002F0157 /* MBTSinglePluginController.m in Sources */,
				D25738D8143BBEF0009D4A97 /* DSClickableURLTextField.m in Sources */,
				D2F70F7E143F1FA5000D5CC0 /* MBAppDelegate.m in Sources */,
				D2F70F8C143F43CF000D5CC0 /* MBMBackgroundableView.m in Sources */,
				D23D3156144234B4007D30F8 /* MBMCompanyList.m in Sources */,
				D23D315A1442573A007D30F8 /* MBMUUIDList.m in Sources */,
				D23D315E1442575F007D30F8 /* MBMRemoteUpdatableList.m in Sources */,
				D23D316F1444DD7B007D30F8 /* MBMSystemInfo.m in Sources */,
				D23D31731445B979007D30F8 /* NSUserDefaults+MBMShared.m in Sources */,
				D24AF64F147D4CAD000EDC6F /* MBTSendInfoCommand.m in Sources */,
				D2EB825B148FA79300C8B0DB /* NSViewController+LKCollectionItemFix.m in Sources */,
				D2EB825D148FA79300C8B0DB /* NSFileManager+LKAdditions.m in Sources */,
				D222074114F1B04000881515 /* NSObject+LKObject.m in Sources */,
				D256CF2F14F99D00001BA72D /* MBTSparkleAsyncOperation.m in Sources */,
			);
			runOnlyForDeploymentPostprocessing = 0;
		};
/* End PBXSourcesBuildPhase section */

/* Begin PBXTargetDependency section */
		D216B360141DFDE2003788DC /* PBXTargetDependency */ = {
			isa = PBXTargetDependency;
			target = D216B339141DFDE1003788DC /* Mail Plugin Manager */;
			targetProxy = D216B35F141DFDE2003788DC /* PBXContainerItemProxy */;
		};
		D24AF646147D177A000EDC6F /* PBXTargetDependency */ = {
			isa = PBXTargetDependency;
			target = D2779BBF14336287003F7BE0 /* MailBundleTool */;
			targetProxy = D24AF645147D177A000EDC6F /* PBXContainerItemProxy */;
		};
		D256CF0F14F92CDA001BA72D /* PBXTargetDependency */ = {
			isa = PBXTargetDependency;
			target = D216B339141DFDE1003788DC /* Mail Plugin Manager */;
			targetProxy = D256CF0E14F92CDA001BA72D /* PBXContainerItemProxy */;
		};
		D256CF1214F92D12001BA72D /* PBXTargetDependency */ = {
			isa = PBXTargetDependency;
			target = D2779BBF14336287003F7BE0 /* MailBundleTool */;
			targetProxy = D256CF1114F92D12001BA72D /* PBXContainerItemProxy */;
		};
/* End PBXTargetDependency section */

/* Begin PBXVariantGroup section */
		D216B347141DFDE1003788DC /* InfoPlist.strings */ = {
			isa = PBXVariantGroup;
			children = (
				D216B348141DFDE1003788DC /* en */,
			);
			name = InfoPlist.strings;
			sourceTree = "<group>";
		};
		D216B34D141DFDE1003788DC /* Credits.rtf */ = {
			isa = PBXVariantGroup;
			children = (
				D216B34E141DFDE1003788DC /* en */,
			);
			name = Credits.rtf;
			sourceTree = "<group>";
		};
		D216B353141DFDE2003788DC /* MainMenu.xib */ = {
			isa = PBXVariantGroup;
			children = (
				D216B354141DFDE2003788DC /* en */,
			);
			name = MainMenu.xib;
			sourceTree = "<group>";
		};
		D216B364141DFDE2003788DC /* InfoPlist.strings */ = {
			isa = PBXVariantGroup;
			children = (
				D216B365141DFDE2003788DC /* en */,
			);
			name = InfoPlist.strings;
			sourceTree = "<group>";
		};
		D22CC059146BD87F0055CFBE /* InfoPlist.strings */ = {
			isa = PBXVariantGroup;
			children = (
				D22CC05A146BD87F0055CFBE /* en */,
			);
			name = InfoPlist.strings;
			sourceTree = "<group>";
		};
		D22CC05F146BD8800055CFBE /* Credits.rtf */ = {
			isa = PBXVariantGroup;
			children = (
				D22CC060146BD8800055CFBE /* en */,
			);
			name = Credits.rtf;
			sourceTree = "<group>";
		};
		D22CC065146BD8800055CFBE /* MainMenu.xib */ = {
			isa = PBXVariantGroup;
			children = (
				D22CC066146BD8800055CFBE /* en */,
			);
			name = MainMenu.xib;
			sourceTree = "<group>";
		};
		D2779BC614336287003F7BE0 /* InfoPlist.strings */ = {
			isa = PBXVariantGroup;
			children = (
				D2779BC714336287003F7BE0 /* en */,
			);
			name = InfoPlist.strings;
			sourceTree = "<group>";
		};
		D2779BCC14336287003F7BE0 /* Credits.rtf */ = {
			isa = PBXVariantGroup;
			children = (
				D2779BCD14336287003F7BE0 /* en */,
			);
			name = Credits.rtf;
			sourceTree = "<group>";
		};
		D2779BD214336287003F7BE0 /* MainMenu.xib */ = {
			isa = PBXVariantGroup;
			children = (
				D2779BD314336287003F7BE0 /* en */,
			);
			name = MainMenu.xib;
			sourceTree = "<group>";
		};
/* End PBXVariantGroup section */

/* Begin XCBuildConfiguration section */
		D216B36A141DFDE2003788DC /* Debug */ = {
			isa = XCBuildConfiguration;
			baseConfigurationReference = D2E9029F141E643F0058618F /* lk-warnings.xcconfig */;
			buildSettings = {
				ALWAYS_SEARCH_USER_PATHS = NO;
				ARCHS = "$(ARCHS_STANDARD_64_BIT)";
				COPY_PHASE_STRIP = NO;
				GCC_C_LANGUAGE_STANDARD = gnu99;
				GCC_DYNAMIC_NO_PIC = NO;
				GCC_ENABLE_OBJC_EXCEPTIONS = YES;
				GCC_OPTIMIZATION_LEVEL = 0;
				GCC_PREPROCESSOR_DEFINITIONS = (
					"DEBUG=1",
					"$(inherited)",
				);
				GCC_SYMBOLS_PRIVATE_EXTERN = NO;
				GCC_VERSION = com.apple.compilers.llvm.clang.1_0;
				GCC_WARN_64_TO_32_BIT_CONVERSION = YES;
				GCC_WARN_ABOUT_MISSING_PROTOTYPES = YES;
				GCC_WARN_ABOUT_RETURN_TYPE = YES;
				GCC_WARN_UNUSED_VARIABLE = YES;
				MACOSX_DEPLOYMENT_TARGET = 10.6;
				ONLY_ACTIVE_ARCH = YES;
				SDKROOT = macosx;
			};
			name = Debug;
		};
		D216B36B141DFDE2003788DC /* Release */ = {
			isa = XCBuildConfiguration;
			baseConfigurationReference = D2E9029F141E643F0058618F /* lk-warnings.xcconfig */;
			buildSettings = {
				ALWAYS_SEARCH_USER_PATHS = NO;
				ARCHS = "$(ARCHS_STANDARD_64_BIT)";
				COPY_PHASE_STRIP = YES;
				DEBUG_INFORMATION_FORMAT = "dwarf-with-dsym";
				GCC_C_LANGUAGE_STANDARD = gnu99;
				GCC_ENABLE_OBJC_EXCEPTIONS = YES;
				GCC_VERSION = com.apple.compilers.llvm.clang.1_0;
				GCC_WARN_64_TO_32_BIT_CONVERSION = YES;
				GCC_WARN_ABOUT_MISSING_PROTOTYPES = YES;
				GCC_WARN_ABOUT_RETURN_TYPE = YES;
				GCC_WARN_UNUSED_VARIABLE = YES;
				MACOSX_DEPLOYMENT_TARGET = 10.6;
				SDKROOT = macosx;
			};
			name = Release;
		};
		D216B36D141DFDE2003788DC /* Debug */ = {
			isa = XCBuildConfiguration;
			buildSettings = {
				FRAMEWORK_SEARCH_PATHS = (
					"$(inherited)",
					"\"$(SRCROOT)/Mail Bundle Manager\"",
				);
				GCC_PRECOMPILE_PREFIX_HEADER = YES;
				GCC_PREFIX_HEADER = "Mail Bundle Manager/Mail Plugin Manager-Prefix.pch";
				INFOPLIST_FILE = "Mail Bundle Manager/Mail Plugin Manager-Info.plist";
				PRODUCT_NAME = "$(TARGET_NAME)";
				WRAPPER_EXTENSION = app;
			};
			name = Debug;
		};
		D216B36E141DFDE2003788DC /* Release */ = {
			isa = XCBuildConfiguration;
			buildSettings = {
				FRAMEWORK_SEARCH_PATHS = (
					"$(inherited)",
					"\"$(SRCROOT)/Mail Bundle Manager\"",
				);
				GCC_PRECOMPILE_PREFIX_HEADER = YES;
				GCC_PREFIX_HEADER = "Mail Bundle Manager/Mail Plugin Manager-Prefix.pch";
				INFOPLIST_FILE = "Mail Bundle Manager/Mail Plugin Manager-Info.plist";
				PRODUCT_NAME = "$(TARGET_NAME)";
				WRAPPER_EXTENSION = app;
			};
			name = Release;
		};
		D216B370141DFDE2003788DC /* Debug */ = {
			isa = XCBuildConfiguration;
			buildSettings = {
				BUNDLE_LOADER = "$(BUILT_PRODUCTS_DIR)/Mail Bundle Manager.app/Contents/MacOS/Mail Bundle Manager";
				FRAMEWORK_SEARCH_PATHS = (
					"$(DEVELOPER_LIBRARY_DIR)/Frameworks",
					"\"$(SRCROOT)/Mail Bundle Manager\"",
					"\"$(SRCROOT)/Mail Bundle ManagerTests/TestData/ExamplePlugin.mailbundle/Contents/Frameworks\"",
				);
				GCC_PRECOMPILE_PREFIX_HEADER = YES;
				GCC_PREFIX_HEADER = "Mail Bundle Manager/Mail Bundle Manager-Prefix.pch";
				INFOPLIST_FILE = "Mail Bundle ManagerTests/Mail Plugin ManagerTests-Info.plist";
				PRODUCT_NAME = "Mail Plugin ManagerTests";
				TEST_HOST = "$(BUNDLE_LOADER)";
				WRAPPER_EXTENSION = octest;
			};
			name = Debug;
		};
		D216B371141DFDE2003788DC /* Release */ = {
			isa = XCBuildConfiguration;
			buildSettings = {
				BUNDLE_LOADER = "$(BUILT_PRODUCTS_DIR)/Mail Bundle Manager.app/Contents/MacOS/Mail Bundle Manager";
				FRAMEWORK_SEARCH_PATHS = (
					"$(DEVELOPER_LIBRARY_DIR)/Frameworks",
					"\"$(SRCROOT)/Mail Bundle Manager\"",
					"\"$(SRCROOT)/Mail Bundle ManagerTests/TestData/ExamplePlugin.mailbundle/Contents/Frameworks\"",
				);
				GCC_PRECOMPILE_PREFIX_HEADER = YES;
				GCC_PREFIX_HEADER = "Mail Bundle Manager/Mail Bundle Manager-Prefix.pch";
				INFOPLIST_FILE = "Mail Bundle ManagerTests/Mail Plugin ManagerTests-Info.plist";
				PRODUCT_NAME = "Mail Plugin ManagerTests";
				TEST_HOST = "$(BUNDLE_LOADER)";
				WRAPPER_EXTENSION = octest;
			};
			name = Release;
		};
		D22CC069146BD8800055CFBE /* Debug */ = {
			isa = XCBuildConfiguration;
			buildSettings = {
				GCC_PRECOMPILE_PREFIX_HEADER = YES;
				GCC_PREFIX_HEADER = "ToolTestHarness/ToolTestHarness-Prefix.pch";
				INFOPLIST_FILE = "ToolTestHarness/ToolTestHarness-Info.plist";
				MACOSX_DEPLOYMENT_TARGET = 10.7;
				PRODUCT_NAME = "$(TARGET_NAME)";
				WRAPPER_EXTENSION = app;
			};
			name = Debug;
		};
		D22CC06A146BD8800055CFBE /* Release */ = {
			isa = XCBuildConfiguration;
			buildSettings = {
				GCC_PRECOMPILE_PREFIX_HEADER = YES;
				GCC_PREFIX_HEADER = "ToolTestHarness/ToolTestHarness-Prefix.pch";
				INFOPLIST_FILE = "ToolTestHarness/ToolTestHarness-Info.plist";
				MACOSX_DEPLOYMENT_TARGET = 10.7;
				PRODUCT_NAME = "$(TARGET_NAME)";
				WRAPPER_EXTENSION = app;
			};
			name = Release;
		};
		D2779BD614336287003F7BE0 /* Debug */ = {
			isa = XCBuildConfiguration;
			buildSettings = {
				FRAMEWORK_SEARCH_PATHS = (
					"$(inherited)",
					"\"$(SRCROOT)/Mail Bundle Manager\"",
				);
				GCC_PRECOMPILE_PREFIX_HEADER = YES;
				GCC_PREFIX_HEADER = "Mail Bundle Manager/Mail Plugin Manager-Prefix.pch";
				GCC_PREPROCESSOR_DEFINITIONS = (
					"$(inherited)",
					MB_TOOL,
				);
				INFOPLIST_FILE = "MailBundleTool/MailBundleTool-Info.plist";
				PRODUCT_NAME = "$(TARGET_NAME)";
				WRAPPER_EXTENSION = app;
			};
			name = Debug;
		};
		D2779BD714336287003F7BE0 /* Release */ = {
			isa = XCBuildConfiguration;
			buildSettings = {
				FRAMEWORK_SEARCH_PATHS = (
					"$(inherited)",
					"\"$(SRCROOT)/Mail Bundle Manager\"",
				);
				GCC_PRECOMPILE_PREFIX_HEADER = YES;
				GCC_PREFIX_HEADER = "Mail Bundle Manager/Mail Plugin Manager-Prefix.pch";
				GCC_PREPROCESSOR_DEFINITIONS = (
					"$(inherited)",
					MB_TOOL,
				);
				INFOPLIST_FILE = "MailBundleTool/MailBundleTool-Info.plist";
				PRODUCT_NAME = "$(TARGET_NAME)";
				WRAPPER_EXTENSION = app;
			};
			name = Release;
		};
/* End XCBuildConfiguration section */

/* Begin XCConfigurationList section */
		D216B334141DFDE1003788DC /* Build configuration list for PBXProject "Mail Plugin Manager" */ = {
			isa = XCConfigurationList;
			buildConfigurations = (
				D216B36A141DFDE2003788DC /* Debug */,
				D216B36B141DFDE2003788DC /* Release */,
			);
			defaultConfigurationIsVisible = 0;
			defaultConfigurationName = Release;
		};
		D216B36C141DFDE2003788DC /* Build configuration list for PBXNativeTarget "Mail Plugin Manager" */ = {
			isa = XCConfigurationList;
			buildConfigurations = (
				D216B36D141DFDE2003788DC /* Debug */,
				D216B36E141DFDE2003788DC /* Release */,
			);
			defaultConfigurationIsVisible = 0;
			defaultConfigurationName = Release;
		};
		D216B36F141DFDE2003788DC /* Build configuration list for PBXNativeTarget "Mail Plugin ManagerTests" */ = {
			isa = XCConfigurationList;
			buildConfigurations = (
				D216B370141DFDE2003788DC /* Debug */,
				D216B371141DFDE2003788DC /* Release */,
			);
			defaultConfigurationIsVisible = 0;
			defaultConfigurationName = Release;
		};
		D22CC068146BD8800055CFBE /* Build configuration list for PBXNativeTarget "ToolTestHarness" */ = {
			isa = XCConfigurationList;
			buildConfigurations = (
				D22CC069146BD8800055CFBE /* Debug */,
				D22CC06A146BD8800055CFBE /* Release */,
			);
			defaultConfigurationIsVisible = 0;
			defaultConfigurationName = Release;
		};
		D2779BD514336287003F7BE0 /* Build configuration list for PBXNativeTarget "MailBundleTool" */ = {
			isa = XCConfigurationList;
			buildConfigurations = (
				D2779BD614336287003F7BE0 /* Debug */,
				D2779BD714336287003F7BE0 /* Release */,
			);
			defaultConfigurationIsVisible = 0;
			defaultConfigurationName = Release;
		};
/* End XCConfigurationList section */
	};
	rootObject = D216B331141DFDE1003788DC /* Project object */;
}
