// !$*UTF8*$!
{
	archiveVersion = 1;
	classes = {
	};
	objectVersion = 46;
	objects = {

/* Begin PBXBuildFile section */
		D20537B11434C06E002F0157 /* NSViewController+LKCollectionItemFix.m in Sources */ = {isa = PBXBuildFile; fileRef = D20537AF1434C06E002F0157 /* NSViewController+LKCollectionItemFix.m */; };
		D20537B5143535E0002F0157 /* companies.strings in Resources */ = {isa = PBXBuildFile; fileRef = D20537B4143535E0002F0157 /* companies.strings */; };
		D20537B714361EB6002F0157 /* GenericPlugin.png in Resources */ = {isa = PBXBuildFile; fileRef = D20537B614361EB6002F0157 /* GenericPlugin.png */; };
		D20537B814361F95002F0157 /* GenericPlugin.png in Resources */ = {isa = PBXBuildFile; fileRef = D20537B614361EB6002F0157 /* GenericPlugin.png */; };
		D20537BA1436223D002F0157 /* historicalUUIDs.plist in Resources */ = {isa = PBXBuildFile; fileRef = D20537B91436223D002F0157 /* historicalUUIDs.plist */; };
		D20537BB1436223D002F0157 /* historicalUUIDs.plist in Resources */ = {isa = PBXBuildFile; fileRef = D20537B91436223D002F0157 /* historicalUUIDs.plist */; };
		D20537C41439C9BB002F0157 /* BundleBackgroundRed.png in Resources */ = {isa = PBXBuildFile; fileRef = D20537C21439C9BB002F0157 /* BundleBackgroundRed.png */; };
		D20537C61439CD3E002F0157 /* BundleBackground.png in Resources */ = {isa = PBXBuildFile; fileRef = D20537C51439CD3E002F0157 /* BundleBackground.png */; };
		D20537C71439D515002F0157 /* companies.strings in Resources */ = {isa = PBXBuildFile; fileRef = D20537B4143535E0002F0157 /* companies.strings */; };
		D20537F3143B15ED002F0157 /* MBTSinglePluginController.m in Sources */ = {isa = PBXBuildFile; fileRef = D20537F2143B15ED002F0157 /* MBTSinglePluginController.m */; };
		D20537F5143B161C002F0157 /* MBTSinglePluginWindow.xib in Resources */ = {isa = PBXBuildFile; fileRef = D20537F4143B161C002F0157 /* MBTSinglePluginWindow.xib */; };
		D20A3EDE1434B3520083B10A /* MBMBundleView.xib in Resources */ = {isa = PBXBuildFile; fileRef = D20A3EDD1434B3520083B10A /* MBMBundleView.xib */; };
		D216B33F141DFDE1003788DC /* Cocoa.framework in Frameworks */ = {isa = PBXBuildFile; fileRef = D216B33E141DFDE1003788DC /* Cocoa.framework */; };
		D216B349141DFDE1003788DC /* InfoPlist.strings in Resources */ = {isa = PBXBuildFile; fileRef = D216B347141DFDE1003788DC /* InfoPlist.strings */; };
		D216B34B141DFDE1003788DC /* main.m in Sources */ = {isa = PBXBuildFile; fileRef = D216B34A141DFDE1003788DC /* main.m */; };
		D216B34F141DFDE1003788DC /* Credits.rtf in Resources */ = {isa = PBXBuildFile; fileRef = D216B34D141DFDE1003788DC /* Credits.rtf */; };
		D216B352141DFDE1003788DC /* MBMAppDelegate.m in Sources */ = {isa = PBXBuildFile; fileRef = D216B351141DFDE1003788DC /* MBMAppDelegate.m */; };
		D216B355141DFDE2003788DC /* MainMenu.xib in Resources */ = {isa = PBXBuildFile; fileRef = D216B353141DFDE2003788DC /* MainMenu.xib */; };
		D216B35D141DFDE2003788DC /* SenTestingKit.framework in Frameworks */ = {isa = PBXBuildFile; fileRef = D216B35C141DFDE2003788DC /* SenTestingKit.framework */; };
		D216B35E141DFDE2003788DC /* Cocoa.framework in Frameworks */ = {isa = PBXBuildFile; fileRef = D216B33E141DFDE1003788DC /* Cocoa.framework */; };
		D216B366141DFDE2003788DC /* InfoPlist.strings in Resources */ = {isa = PBXBuildFile; fileRef = D216B364141DFDE2003788DC /* InfoPlist.strings */; };
		D216B37D141E1676003788DC /* MBMConstants.m in Sources */ = {isa = PBXBuildFile; fileRef = D216B37C141E1676003788DC /* MBMConstants.m */; };
		D231F4491428ED4E002DB999 /* NSString+LKStructUtils.m in Sources */ = {isa = PBXBuildFile; fileRef = D231F4481428ED4E002DB999 /* NSString+LKStructUtils.m */; };
		D231F44D1428ED5E002DB999 /* LKLogHelper.m in Sources */ = {isa = PBXBuildFile; fileRef = D231F44C1428ED5E002DB999 /* LKLogHelper.m */; };
		D24DA32E142CD0CB00720631 /* MBMAgreementWindow.xib in Resources */ = {isa = PBXBuildFile; fileRef = D24DA32D142CD0CB00720631 /* MBMAgreementWindow.xib */; };
		D24DA331142CD92300720631 /* Localizable.strings in Resources */ = {isa = PBXBuildFile; fileRef = D24DA330142CD92300720631 /* Localizable.strings */; };
		D25738D8143BBEF0009D4A97 /* DSClickableURLTextField.m in Sources */ = {isa = PBXBuildFile; fileRef = D25738D7143BBEF0009D4A97 /* DSClickableURLTextField.m */; };
		D2730FD9142921B200EB5CB7 /* MBMManifestModel.m in Sources */ = {isa = PBXBuildFile; fileRef = D2730FD8142921B200EB5CB7 /* MBMManifestModel.m */; };
		D2730FDE142931D100EB5CB7 /* MBMInstallerController.m in Sources */ = {isa = PBXBuildFile; fileRef = D2730FDD142931D100EB5CB7 /* MBMInstallerController.m */; };
		D2730FE01429322A00EB5CB7 /* MBMInstallerWindow.xib in Resources */ = {isa = PBXBuildFile; fileRef = D2730FDF1429322A00EB5CB7 /* MBMInstallerWindow.xib */; };
		D2730FE614293F6100EB5CB7 /* MBMAnimatedListController.m in Sources */ = {isa = PBXBuildFile; fileRef = D2730FE414293F6100EB5CB7 /* MBMAnimatedListController.m */; };
		D2730FF1142A1F4700EB5CB7 /* LKCGStructs.m in Sources */ = {isa = PBXBuildFile; fileRef = D2730FF0142A1F4700EB5CB7 /* LKCGStructs.m */; };
		D2730FF3142B539300EB5CB7 /* InstallAnimationBackground.png in Resources */ = {isa = PBXBuildFile; fileRef = D2730FF2142B539300EB5CB7 /* InstallAnimationBackground.png */; };
		D273100E142BD52E00EB5CB7 /* QuartzCore.framework in Frameworks */ = {isa = PBXBuildFile; fileRef = D273100D142BD52E00EB5CB7 /* QuartzCore.framework */; };
		D2731011142CB1E500EB5CB7 /* MBMConfirmationStep.m in Sources */ = {isa = PBXBuildFile; fileRef = D2731010142CB1E400EB5CB7 /* MBMConfirmationStep.m */; };
		D2779BC214336287003F7BE0 /* Cocoa.framework in Frameworks */ = {isa = PBXBuildFile; fileRef = D216B33E141DFDE1003788DC /* Cocoa.framework */; };
		D2779BC814336287003F7BE0 /* InfoPlist.strings in Resources */ = {isa = PBXBuildFile; fileRef = D2779BC614336287003F7BE0 /* InfoPlist.strings */; };
		D2779BCA14336287003F7BE0 /* main.m in Sources */ = {isa = PBXBuildFile; fileRef = D2779BC914336287003F7BE0 /* main.m */; };
		D2779BCE14336287003F7BE0 /* Credits.rtf in Resources */ = {isa = PBXBuildFile; fileRef = D2779BCC14336287003F7BE0 /* Credits.rtf */; };
		D2779BD114336287003F7BE0 /* MBTAppDelegate.m in Sources */ = {isa = PBXBuildFile; fileRef = D2779BD014336287003F7BE0 /* MBTAppDelegate.m */; };
		D2779BD414336287003F7BE0 /* MainMenu.xib in Resources */ = {isa = PBXBuildFile; fileRef = D2779BD214336287003F7BE0 /* MainMenu.xib */; };
		D2779BDC14336639003F7BE0 /* MBMConstants.m in Sources */ = {isa = PBXBuildFile; fileRef = D216B37C141E1676003788DC /* MBMConstants.m */; };
		D2779BDD14336641003F7BE0 /* InstallAnimationBackground.png in Resources */ = {isa = PBXBuildFile; fileRef = D2730FF2142B539300EB5CB7 /* InstallAnimationBackground.png */; };
		D2779BDE14336641003F7BE0 /* MBMInstallerWindow.xib in Resources */ = {isa = PBXBuildFile; fileRef = D2730FDF1429322A00EB5CB7 /* MBMInstallerWindow.xib */; };
		D2779BDF14336641003F7BE0 /* MBMAgreementWindow.xib in Resources */ = {isa = PBXBuildFile; fileRef = D24DA32D142CD0CB00720631 /* MBMAgreementWindow.xib */; };
		D2779BE014336641003F7BE0 /* errors.strings in Resources */ = {isa = PBXBuildFile; fileRef = D2D1E6C0142FD8B4002FF1B1 /* errors.strings */; };
		D2779BE114336649003F7BE0 /* NSBundle+MBMAdditions.m in Sources */ = {isa = PBXBuildFile; fileRef = D2E90299141E5EF90058618F /* NSBundle+MBMAdditions.m */; };
		D2779BE214336651003F7BE0 /* MBMInstallerController.m in Sources */ = {isa = PBXBuildFile; fileRef = D2730FDD142931D100EB5CB7 /* MBMInstallerController.m */; };
		D2779BE314336651003F7BE0 /* MBMAnimatedListController.m in Sources */ = {isa = PBXBuildFile; fileRef = D2730FE414293F6100EB5CB7 /* MBMAnimatedListController.m */; };
		D2779BE41433665D003F7BE0 /* MBMMailBundle.m in Sources */ = {isa = PBXBuildFile; fileRef = D2E90296141E4C7F0058618F /* MBMMailBundle.m */; };
		D2779BE51433665D003F7BE0 /* MBMSparkleDelegate.m in Sources */ = {isa = PBXBuildFile; fileRef = D2E902AC141E72470058618F /* MBMSparkleDelegate.m */; };
		D2779BE61433665D003F7BE0 /* MBMManifestModel.m in Sources */ = {isa = PBXBuildFile; fileRef = D2730FD8142921B200EB5CB7 /* MBMManifestModel.m */; };
		D2779BE71433665D003F7BE0 /* MBMActionItem.m in Sources */ = {isa = PBXBuildFile; fileRef = D28F77E914209D1D0015E42F /* MBMActionItem.m */; };
		D2779BE81433665D003F7BE0 /* MBMConfirmationStep.m in Sources */ = {isa = PBXBuildFile; fileRef = D2731010142CB1E400EB5CB7 /* MBMConfirmationStep.m */; };
		D2779BE9143366CC003F7BE0 /* MBMMySparkleDelegate.m in Sources */ = {isa = PBXBuildFile; fileRef = D2E90293141E36110058618F /* MBMMySparkleDelegate.m */; };
		D2779BEA14336DDC003F7BE0 /* NSString+LKStructUtils.m in Sources */ = {isa = PBXBuildFile; fileRef = D231F4481428ED4E002DB999 /* NSString+LKStructUtils.m */; };
		D2779BEB14336DDC003F7BE0 /* NSString+LKHelper.m in Sources */ = {isa = PBXBuildFile; fileRef = D2D1E6CB1430827F002FF1B1 /* NSString+LKHelper.m */; };
		D2779BEC14336DDC003F7BE0 /* LKCGStructs.m in Sources */ = {isa = PBXBuildFile; fileRef = D2730FF0142A1F4700EB5CB7 /* LKCGStructs.m */; };
		D2779BED14336DDC003F7BE0 /* LKLogHelper.m in Sources */ = {isa = PBXBuildFile; fileRef = D231F44C1428ED5E002DB999 /* LKLogHelper.m */; };
		D2779BEE14336DDC003F7BE0 /* LKError.m in Sources */ = {isa = PBXBuildFile; fileRef = D2D1E6C814307968002FF1B1 /* LKError.m */; };
		D2779BF014337364003F7BE0 /* Sparkle.framework in Frameworks */ = {isa = PBXBuildFile; fileRef = D2E902A8141E70110058618F /* Sparkle.framework */; };
		D2779BF114337369003F7BE0 /* Sparkle.framework in Copy Frameworks */ = {isa = PBXBuildFile; fileRef = D2E902A8141E70110058618F /* Sparkle.framework */; };
		D2779BF314337389003F7BE0 /* QuartzCore.framework in Frameworks */ = {isa = PBXBuildFile; fileRef = D2779BF214337389003F7BE0 /* QuartzCore.framework */; };
		D2779BF51434601B003F7BE0 /* UninstallDocument.png in Resources */ = {isa = PBXBuildFile; fileRef = D2779BF41434601B003F7BE0 /* UninstallDocument.png */; };
		D28F77EA14209D1D0015E42F /* MBMActionItem.m in Sources */ = {isa = PBXBuildFile; fileRef = D28F77E914209D1D0015E42F /* MBMActionItem.m */; };
		D2D1E6C1142FD8B4002FF1B1 /* errors.strings in Resources */ = {isa = PBXBuildFile; fileRef = D2D1E6C0142FD8B4002FF1B1 /* errors.strings */; };
		D2D1E6C914307968002FF1B1 /* LKError.m in Sources */ = {isa = PBXBuildFile; fileRef = D2D1E6C814307968002FF1B1 /* LKError.m */; };
		D2D1E6CC1430827F002FF1B1 /* NSString+LKHelper.m in Sources */ = {isa = PBXBuildFile; fileRef = D2D1E6CB1430827F002FF1B1 /* NSString+LKHelper.m */; };
		D2D1E6D81431BC3C002FF1B1 /* ManifestModelTests.m in Sources */ = {isa = PBXBuildFile; fileRef = D2D1E6D71431BC3C002FF1B1 /* ManifestModelTests.m */; };
		D2D1E6DA1431C171002FF1B1 /* mbm-manifest.plist in Resources */ = {isa = PBXBuildFile; fileRef = D2D1E6D91431C171002FF1B1 /* mbm-manifest.plist */; };
		D2D1E6DD1431EC2A002FF1B1 /* MailBundleTests.m in Sources */ = {isa = PBXBuildFile; fileRef = D2D1E6DC1431EC29002FF1B1 /* MailBundleTests.m */; };
		D2D1E6DE1431EF69002FF1B1 /* Sparkle.framework in Frameworks */ = {isa = PBXBuildFile; fileRef = D2E902A8141E70110058618F /* Sparkle.framework */; };
		D2D1E6E01431F00E002FF1B1 /* Sparkle.framework in Copy Framework */ = {isa = PBXBuildFile; fileRef = D2E902A8141E70110058618F /* Sparkle.framework */; };
		D2D1E73014320D1C002FF1B1 /* ExamplePlugin.mailbundle in Copy Test Data */ = {isa = PBXBuildFile; fileRef = D2D1E72F14320D1B002FF1B1 /* ExamplePlugin.mailbundle */; };
		D2D7BEF014223B840059E153 /* InstallDocument.png in Resources */ = {isa = PBXBuildFile; fileRef = D2D7BEEF14223B840059E153 /* InstallDocument.png */; };
		D2E90294141E36120058618F /* MBMMySparkleDelegate.m in Sources */ = {isa = PBXBuildFile; fileRef = D2E90293141E36110058618F /* MBMMySparkleDelegate.m */; };
		D2E90297141E4C800058618F /* MBMMailBundle.m in Sources */ = {isa = PBXBuildFile; fileRef = D2E90296141E4C7F0058618F /* MBMMailBundle.m */; };
		D2E9029A141E5EFA0058618F /* NSBundle+MBMAdditions.m in Sources */ = {isa = PBXBuildFile; fileRef = D2E90299141E5EF90058618F /* NSBundle+MBMAdditions.m */; };
		D2E902A9141E70110058618F /* Sparkle.framework in Frameworks */ = {isa = PBXBuildFile; fileRef = D2E902A8141E70110058618F /* Sparkle.framework */; };
		D2E902AA141E70290058618F /* Sparkle.framework in Copy Frameworks */ = {isa = PBXBuildFile; fileRef = D2E902A8141E70110058618F /* Sparkle.framework */; };
		D2E902AD141E72470058618F /* MBMSparkleDelegate.m in Sources */ = {isa = PBXBuildFile; fileRef = D2E902AC141E72470058618F /* MBMSparkleDelegate.m */; };
		D2F70F7D143F1FA5000D5CC0 /* MBAppDelegate.m in Sources */ = {isa = PBXBuildFile; fileRef = D2F70F7C143F1FA5000D5CC0 /* MBAppDelegate.m */; };
		D2F70F7E143F1FA5000D5CC0 /* MBAppDelegate.m in Sources */ = {isa = PBXBuildFile; fileRef = D2F70F7C143F1FA5000D5CC0 /* MBAppDelegate.m */; };
		D2F70F82143F29EC000D5CC0 /* MBMBundleView.xib in Resources */ = {isa = PBXBuildFile; fileRef = D20A3EDD1434B3520083B10A /* MBMBundleView.xib */; };
		D2F70F83143F32DF000D5CC0 /* NSViewController+LKCollectionItemFix.m in Sources */ = {isa = PBXBuildFile; fileRef = D20537AF1434C06E002F0157 /* NSViewController+LKCollectionItemFix.m */; };
		D2F70F84143F34B7000D5CC0 /* BundleBackground.png in Resources */ = {isa = PBXBuildFile; fileRef = D20537C51439CD3E002F0157 /* BundleBackground.png */; };
		D2F70F85143F34B7000D5CC0 /* BundleBackgroundRed.png in Resources */ = {isa = PBXBuildFile; fileRef = D20537C21439C9BB002F0157 /* BundleBackgroundRed.png */; };
		D2F70F8B143F43CF000D5CC0 /* MBMBackgroundableView.m in Sources */ = {isa = PBXBuildFile; fileRef = D2F70F8A143F43CF000D5CC0 /* MBMBackgroundableView.m */; };
		D2F70F8C143F43CF000D5CC0 /* MBMBackgroundableView.m in Sources */ = {isa = PBXBuildFile; fileRef = D2F70F8A143F43CF000D5CC0 /* MBMBackgroundableView.m */; };
/* End PBXBuildFile section */

/* Begin PBXContainerItemProxy section */
		D216B35F141DFDE2003788DC /* PBXContainerItemProxy */ = {
			isa = PBXContainerItemProxy;
			containerPortal = D216B331141DFDE1003788DC /* Project object */;
			proxyType = 1;
			remoteGlobalIDString = D216B339141DFDE1003788DC;
			remoteInfo = "Mail Bundle Manager";
		};
/* End PBXContainerItemProxy section */

/* Begin PBXCopyFilesBuildPhase section */
		D216B379141E0071003788DC /* Copy Frameworks */ = {
			isa = PBXCopyFilesBuildPhase;
			buildActionMask = 2147483647;
			dstPath = "";
			dstSubfolderSpec = 10;
			files = (
				D2E902AA141E70290058618F /* Sparkle.framework in Copy Frameworks */,
			);
			name = "Copy Frameworks";
			runOnlyForDeploymentPostprocessing = 0;
		};
		D2779BEF14337344003F7BE0 /* Copy Frameworks */ = {
			isa = PBXCopyFilesBuildPhase;
			buildActionMask = 2147483647;
			dstPath = "";
			dstSubfolderSpec = 10;
			files = (
				D2779BF114337369003F7BE0 /* Sparkle.framework in Copy Frameworks */,
			);
			name = "Copy Frameworks";
			runOnlyForDeploymentPostprocessing = 0;
		};
		D2D1E6DF1431EFF7002FF1B1 /* Copy Framework */ = {
			isa = PBXCopyFilesBuildPhase;
			buildActionMask = 2147483647;
			dstPath = "";
			dstSubfolderSpec = 10;
			files = (
				D2D1E6E01431F00E002FF1B1 /* Sparkle.framework in Copy Framework */,
			);
			name = "Copy Framework";
			runOnlyForDeploymentPostprocessing = 0;
		};
		D2D1E70814320BA6002FF1B1 /* Copy Test Data */ = {
			isa = PBXCopyFilesBuildPhase;
			buildActionMask = 2147483647;
			dstPath = Tests;
			dstSubfolderSpec = 7;
			files = (
				D2D1E73014320D1C002FF1B1 /* ExamplePlugin.mailbundle in Copy Test Data */,
			);
			name = "Copy Test Data";
			runOnlyForDeploymentPostprocessing = 0;
		};
/* End PBXCopyFilesBuildPhase section */

/* Begin PBXFileReference section */
		D20537AE1434C06E002F0157 /* NSViewController+LKCollectionItemFix.h */ = {isa = PBXFileReference; fileEncoding = 4; lastKnownFileType = sourcecode.c.h; path = "NSViewController+LKCollectionItemFix.h"; sourceTree = "<group>"; };
		D20537AF1434C06E002F0157 /* NSViewController+LKCollectionItemFix.m */ = {isa = PBXFileReference; fileEncoding = 4; lastKnownFileType = sourcecode.c.objc; path = "NSViewController+LKCollectionItemFix.m"; sourceTree = "<group>"; };
		D20537B4143535E0002F0157 /* companies.strings */ = {isa = PBXFileReference; fileEncoding = 4; lastKnownFileType = text.plist.strings; name = companies.strings; path = "Mail Bundle Manager/companies.strings"; sourceTree = "<group>"; };
		D20537B614361EB6002F0157 /* GenericPlugin.png */ = {isa = PBXFileReference; lastKnownFileType = image.png; name = GenericPlugin.png; path = "Mail Bundle Manager/GenericPlugin.png"; sourceTree = "<group>"; };
		D20537B91436223D002F0157 /* historicalUUIDs.plist */ = {isa = PBXFileReference; fileEncoding = 4; lastKnownFileType = text.plist.xml; name = historicalUUIDs.plist; path = "Mail Bundle Manager/historicalUUIDs.plist"; sourceTree = "<group>"; };
		D20537C21439C9BB002F0157 /* BundleBackgroundRed.png */ = {isa = PBXFileReference; lastKnownFileType = image.png; name = BundleBackgroundRed.png; path = "Mail Bundle Manager/BundleBackgroundRed.png"; sourceTree = "<group>"; };
		D20537C51439CD3E002F0157 /* BundleBackground.png */ = {isa = PBXFileReference; lastKnownFileType = image.png; name = BundleBackground.png; path = "Mail Bundle Manager/BundleBackground.png"; sourceTree = "<group>"; };
		D20537F1143B15ED002F0157 /* MBTSinglePluginController.h */ = {isa = PBXFileReference; fileEncoding = 4; lastKnownFileType = sourcecode.c.h; path = MBTSinglePluginController.h; sourceTree = "<group>"; };
		D20537F2143B15ED002F0157 /* MBTSinglePluginController.m */ = {isa = PBXFileReference; fileEncoding = 4; lastKnownFileType = sourcecode.c.objc; path = MBTSinglePluginController.m; sourceTree = "<group>"; };
		D20537F4143B161C002F0157 /* MBTSinglePluginWindow.xib */ = {isa = PBXFileReference; fileEncoding = 4; lastKnownFileType = file.xib; path = MBTSinglePluginWindow.xib; sourceTree = "<group>"; };
		D20A3EDD1434B3520083B10A /* MBMBundleView.xib */ = {isa = PBXFileReference; fileEncoding = 4; lastKnownFileType = file.xib; path = MBMBundleView.xib; sourceTree = "<group>"; };
		D216B33A141DFDE1003788DC /* Mail Bundle Manager.app */ = {isa = PBXFileReference; explicitFileType = wrapper.application; includeInIndex = 0; path = "Mail Bundle Manager.app"; sourceTree = BUILT_PRODUCTS_DIR; };
		D216B33E141DFDE1003788DC /* Cocoa.framework */ = {isa = PBXFileReference; lastKnownFileType = wrapper.framework; name = Cocoa.framework; path = System/Library/Frameworks/Cocoa.framework; sourceTree = SDKROOT; };
		D216B341141DFDE1003788DC /* AppKit.framework */ = {isa = PBXFileReference; lastKnownFileType = wrapper.framework; name = AppKit.framework; path = System/Library/Frameworks/AppKit.framework; sourceTree = SDKROOT; };
		D216B342141DFDE1003788DC /* CoreData.framework */ = {isa = PBXFileReference; lastKnownFileType = wrapper.framework; name = CoreData.framework; path = System/Library/Frameworks/CoreData.framework; sourceTree = SDKROOT; };
		D216B343141DFDE1003788DC /* Foundation.framework */ = {isa = PBXFileReference; lastKnownFileType = wrapper.framework; name = Foundation.framework; path = System/Library/Frameworks/Foundation.framework; sourceTree = SDKROOT; };
		D216B346141DFDE1003788DC /* Mail Bundle Manager-Info.plist */ = {isa = PBXFileReference; lastKnownFileType = text.plist.xml; path = "Mail Bundle Manager-Info.plist"; sourceTree = "<group>"; };
		D216B348141DFDE1003788DC /* en */ = {isa = PBXFileReference; lastKnownFileType = text.plist.strings; name = en; path = en.lproj/InfoPlist.strings; sourceTree = "<group>"; };
		D216B34A141DFDE1003788DC /* main.m */ = {isa = PBXFileReference; lastKnownFileType = sourcecode.c.objc; path = main.m; sourceTree = "<group>"; };
		D216B34C141DFDE1003788DC /* Mail Bundle Manager-Prefix.pch */ = {isa = PBXFileReference; lastKnownFileType = sourcecode.c.h; name = "Mail Bundle Manager-Prefix.pch"; path = "Mail Bundle Manager/Mail Bundle Manager-Prefix.pch"; sourceTree = "<group>"; };
		D216B34E141DFDE1003788DC /* en */ = {isa = PBXFileReference; lastKnownFileType = text.rtf; name = en; path = en.lproj/Credits.rtf; sourceTree = "<group>"; };
		D216B350141DFDE1003788DC /* MBMAppDelegate.h */ = {isa = PBXFileReference; lastKnownFileType = sourcecode.c.h; path = MBMAppDelegate.h; sourceTree = "<group>"; };
		D216B351141DFDE1003788DC /* MBMAppDelegate.m */ = {isa = PBXFileReference; lastKnownFileType = sourcecode.c.objc; path = MBMAppDelegate.m; sourceTree = "<group>"; };
		D216B354141DFDE2003788DC /* en */ = {isa = PBXFileReference; lastKnownFileType = file.xib; name = en; path = en.lproj/MainMenu.xib; sourceTree = "<group>"; };
		D216B35B141DFDE2003788DC /* Mail Bundle ManagerTests.octest */ = {isa = PBXFileReference; explicitFileType = wrapper.cfbundle; includeInIndex = 0; path = "Mail Bundle ManagerTests.octest"; sourceTree = BUILT_PRODUCTS_DIR; };
		D216B35C141DFDE2003788DC /* SenTestingKit.framework */ = {isa = PBXFileReference; lastKnownFileType = wrapper.framework; name = SenTestingKit.framework; path = Library/Frameworks/SenTestingKit.framework; sourceTree = DEVELOPER_DIR; };
		D216B363141DFDE2003788DC /* Mail Bundle ManagerTests-Info.plist */ = {isa = PBXFileReference; lastKnownFileType = text.plist.xml; path = "Mail Bundle ManagerTests-Info.plist"; sourceTree = "<group>"; };
		D216B365141DFDE2003788DC /* en */ = {isa = PBXFileReference; lastKnownFileType = text.plist.strings; name = en; path = en.lproj/InfoPlist.strings; sourceTree = "<group>"; };
		D216B37B141E1676003788DC /* MBMConstants.h */ = {isa = PBXFileReference; fileEncoding = 4; lastKnownFileType = sourcecode.c.h; name = MBMConstants.h; path = "Mail Bundle Manager/MBMConstants.h"; sourceTree = "<group>"; };
		D216B37C141E1676003788DC /* MBMConstants.m */ = {isa = PBXFileReference; fileEncoding = 4; lastKnownFileType = sourcecode.c.objc; name = MBMConstants.m; path = "Mail Bundle Manager/MBMConstants.m"; sourceTree = "<group>"; };
		D216B37E141E1C21003788DC /* MBMManifestModel.h */ = {isa = PBXFileReference; fileEncoding = 4; lastKnownFileType = sourcecode.c.h; path = MBMManifestModel.h; sourceTree = "<group>"; };
		D231F4471428ED4E002DB999 /* NSString+LKStructUtils.h */ = {isa = PBXFileReference; fileEncoding = 4; lastKnownFileType = sourcecode.c.h; name = "NSString+LKStructUtils.h"; path = "../../LKKit/Categories/NSString+LKStructUtils.h"; sourceTree = "<group>"; };
		D231F4481428ED4E002DB999 /* NSString+LKStructUtils.m */ = {isa = PBXFileReference; fileEncoding = 4; lastKnownFileType = sourcecode.c.objc; name = "NSString+LKStructUtils.m"; path = "../../LKKit/Categories/NSString+LKStructUtils.m"; sourceTree = "<group>"; };
		D231F44B1428ED5E002DB999 /* LKLogHelper.h */ = {isa = PBXFileReference; fileEncoding = 4; lastKnownFileType = sourcecode.c.h; name = LKLogHelper.h; path = ../../LKKit/Helpers/LKLogHelper.h; sourceTree = "<group>"; };
		D231F44C1428ED5E002DB999 /* LKLogHelper.m */ = {isa = PBXFileReference; fileEncoding = 4; lastKnownFileType = sourcecode.c.objc; name = LKLogHelper.m; path = ../../LKKit/Helpers/LKLogHelper.m; sourceTree = "<group>"; };
		D231F44E1428EE7B002DB999 /* LKInclude.pch */ = {isa = PBXFileReference; fileEncoding = 4; lastKnownFileType = sourcecode.c.h; name = LKInclude.pch; path = ../LKKit/LKInclude.pch; sourceTree = "<group>"; };
		D231F44F1428F035002DB999 /* README.markdown */ = {isa = PBXFileReference; lastKnownFileType = text; name = README.markdown; path = ../README.markdown; sourceTree = SOURCE_ROOT; };
		D24DA32D142CD0CB00720631 /* MBMAgreementWindow.xib */ = {isa = PBXFileReference; fileEncoding = 4; lastKnownFileType = file.xib; name = MBMAgreementWindow.xib; path = "Mail Bundle Manager/MBMAgreementWindow.xib"; sourceTree = "<group>"; };
		D24DA330142CD92300720631 /* Localizable.strings */ = {isa = PBXFileReference; fileEncoding = 4; lastKnownFileType = text.plist.strings; path = Localizable.strings; sourceTree = "<group>"; };
		D25738D6143BBEF0009D4A97 /* DSClickableURLTextField.h */ = {isa = PBXFileReference; fileEncoding = 4; lastKnownFileType = sourcecode.c.h; path = DSClickableURLTextField.h; sourceTree = "<group>"; };
		D25738D7143BBEF0009D4A97 /* DSClickableURLTextField.m */ = {isa = PBXFileReference; fileEncoding = 4; lastKnownFileType = sourcecode.c.objc; path = DSClickableURLTextField.m; sourceTree = "<group>"; };
		D2730FD8142921B200EB5CB7 /* MBMManifestModel.m */ = {isa = PBXFileReference; fileEncoding = 4; lastKnownFileType = sourcecode.c.objc; path = MBMManifestModel.m; sourceTree = "<group>"; };
		D2730FDC142931D100EB5CB7 /* MBMInstallerController.h */ = {isa = PBXFileReference; fileEncoding = 4; lastKnownFileType = sourcecode.c.h; path = MBMInstallerController.h; sourceTree = "<group>"; };
		D2730FDD142931D100EB5CB7 /* MBMInstallerController.m */ = {isa = PBXFileReference; fileEncoding = 4; lastKnownFileType = sourcecode.c.objc; path = MBMInstallerController.m; sourceTree = "<group>"; };
		D2730FDF1429322A00EB5CB7 /* MBMInstallerWindow.xib */ = {isa = PBXFileReference; fileEncoding = 4; lastKnownFileType = file.xib; name = MBMInstallerWindow.xib; path = "Mail Bundle Manager/MBMInstallerWindow.xib"; sourceTree = "<group>"; };
		D2730FE314293F6100EB5CB7 /* MBMAnimatedListController.h */ = {isa = PBXFileReference; fileEncoding = 4; lastKnownFileType = sourcecode.c.h; path = MBMAnimatedListController.h; sourceTree = "<group>"; };
		D2730FE414293F6100EB5CB7 /* MBMAnimatedListController.m */ = {isa = PBXFileReference; fileEncoding = 4; lastKnownFileType = sourcecode.c.objc; path = MBMAnimatedListController.m; sourceTree = "<group>"; };
		D2730FEF142A1F4700EB5CB7 /* LKCGStructs.h */ = {isa = PBXFileReference; fileEncoding = 4; lastKnownFileType = sourcecode.c.h; name = LKCGStructs.h; path = ../../LKKit/Helpers/LKCGStructs.h; sourceTree = "<group>"; };
		D2730FF0142A1F4700EB5CB7 /* LKCGStructs.m */ = {isa = PBXFileReference; fileEncoding = 4; lastKnownFileType = sourcecode.c.objc; name = LKCGStructs.m; path = ../../LKKit/Helpers/LKCGStructs.m; sourceTree = "<group>"; };
		D2730FF2142B539300EB5CB7 /* InstallAnimationBackground.png */ = {isa = PBXFileReference; lastKnownFileType = image.png; name = InstallAnimationBackground.png; path = "Mail Bundle Manager/InstallAnimationBackground.png"; sourceTree = "<group>"; };
		D273100D142BD52E00EB5CB7 /* QuartzCore.framework */ = {isa = PBXFileReference; lastKnownFileType = wrapper.framework; name = QuartzCore.framework; path = System/Library/Frameworks/QuartzCore.framework; sourceTree = SDKROOT; };
		D273100F142CB1E400EB5CB7 /* MBMConfirmationStep.h */ = {isa = PBXFileReference; fileEncoding = 4; lastKnownFileType = sourcecode.c.h; path = MBMConfirmationStep.h; sourceTree = "<group>"; };
		D2731010142CB1E400EB5CB7 /* MBMConfirmationStep.m */ = {isa = PBXFileReference; fileEncoding = 4; lastKnownFileType = sourcecode.c.objc; path = MBMConfirmationStep.m; sourceTree = "<group>"; };
		D2779BC014336287003F7BE0 /* MailBundleTool.app */ = {isa = PBXFileReference; explicitFileType = wrapper.application; includeInIndex = 0; path = MailBundleTool.app; sourceTree = BUILT_PRODUCTS_DIR; };
		D2779BC514336287003F7BE0 /* MailBundleTool-Info.plist */ = {isa = PBXFileReference; lastKnownFileType = text.plist.xml; path = "MailBundleTool-Info.plist"; sourceTree = "<group>"; };
		D2779BC714336287003F7BE0 /* en */ = {isa = PBXFileReference; lastKnownFileType = text.plist.strings; name = en; path = en.lproj/InfoPlist.strings; sourceTree = "<group>"; };
		D2779BC914336287003F7BE0 /* main.m */ = {isa = PBXFileReference; lastKnownFileType = sourcecode.c.objc; path = main.m; sourceTree = "<group>"; };
		D2779BCD14336287003F7BE0 /* en */ = {isa = PBXFileReference; lastKnownFileType = text.rtf; name = en; path = en.lproj/Credits.rtf; sourceTree = "<group>"; };
		D2779BCF14336287003F7BE0 /* MBTAppDelegate.h */ = {isa = PBXFileReference; lastKnownFileType = sourcecode.c.h; path = MBTAppDelegate.h; sourceTree = "<group>"; };
		D2779BD014336287003F7BE0 /* MBTAppDelegate.m */ = {isa = PBXFileReference; lastKnownFileType = sourcecode.c.objc; path = MBTAppDelegate.m; sourceTree = "<group>"; };
		D2779BD314336287003F7BE0 /* en */ = {isa = PBXFileReference; lastKnownFileType = file.xib; name = en; path = en.lproj/MainMenu.xib; sourceTree = "<group>"; };
		D2779BF214337389003F7BE0 /* QuartzCore.framework */ = {isa = PBXFileReference; lastKnownFileType = wrapper.framework; name = QuartzCore.framework; path = System/Library/Frameworks/QuartzCore.framework; sourceTree = SDKROOT; };
		D2779BF41434601B003F7BE0 /* UninstallDocument.png */ = {isa = PBXFileReference; lastKnownFileType = image.png; path = UninstallDocument.png; sourceTree = "<group>"; };
		D28F77E814209D1D0015E42F /* MBMActionItem.h */ = {isa = PBXFileReference; fileEncoding = 4; lastKnownFileType = sourcecode.c.h; path = MBMActionItem.h; sourceTree = "<group>"; };
		D28F77E914209D1D0015E42F /* MBMActionItem.m */ = {isa = PBXFileReference; fileEncoding = 4; lastKnownFileType = sourcecode.c.objc; path = MBMActionItem.m; sourceTree = "<group>"; };
		D2D1E6C0142FD8B4002FF1B1 /* errors.strings */ = {isa = PBXFileReference; fileEncoding = 4; lastKnownFileType = text.plist.strings; name = errors.strings; path = "Mail Bundle Manager/errors.strings"; sourceTree = "<group>"; };
		D2D1E6C714307968002FF1B1 /* LKError.h */ = {isa = PBXFileReference; fileEncoding = 4; lastKnownFileType = sourcecode.c.h; name = LKError.h; path = ../../LKKit/Helpers/LKError.h; sourceTree = "<group>"; };
		D2D1E6C814307968002FF1B1 /* LKError.m */ = {isa = PBXFileReference; fileEncoding = 4; lastKnownFileType = sourcecode.c.objc; name = LKError.m; path = ../../LKKit/Helpers/LKError.m; sourceTree = "<group>"; };
		D2D1E6CA1430827F002FF1B1 /* NSString+LKHelper.h */ = {isa = PBXFileReference; fileEncoding = 4; lastKnownFileType = sourcecode.c.h; name = "NSString+LKHelper.h"; path = "../../LKKit/Categories/NSString+LKHelper.h"; sourceTree = "<group>"; };
		D2D1E6CB1430827F002FF1B1 /* NSString+LKHelper.m */ = {isa = PBXFileReference; fileEncoding = 4; lastKnownFileType = sourcecode.c.objc; name = "NSString+LKHelper.m"; path = "../../LKKit/Categories/NSString+LKHelper.m"; sourceTree = "<group>"; };
		D2D1E6D61431BC3C002FF1B1 /* ManifestModelTests.h */ = {isa = PBXFileReference; fileEncoding = 4; lastKnownFileType = sourcecode.c.h; path = ManifestModelTests.h; sourceTree = "<group>"; };
		D2D1E6D71431BC3C002FF1B1 /* ManifestModelTests.m */ = {isa = PBXFileReference; fileEncoding = 4; lastKnownFileType = sourcecode.c.objc; path = ManifestModelTests.m; sourceTree = "<group>"; };
		D2D1E6D91431C171002FF1B1 /* mbm-manifest.plist */ = {isa = PBXFileReference; fileEncoding = 4; lastKnownFileType = text.plist.xml; path = "mbm-manifest.plist"; sourceTree = "<group>"; };
		D2D1E6DB1431EC29002FF1B1 /* MailBundleTests.h */ = {isa = PBXFileReference; fileEncoding = 4; lastKnownFileType = sourcecode.c.h; path = MailBundleTests.h; sourceTree = "<group>"; };
		D2D1E6DC1431EC29002FF1B1 /* MailBundleTests.m */ = {isa = PBXFileReference; fileEncoding = 4; lastKnownFileType = sourcecode.c.objc; path = MailBundleTests.m; sourceTree = "<group>"; };
		D2D1E72F14320D1B002FF1B1 /* ExamplePlugin.mailbundle */ = {isa = PBXFileReference; lastKnownFileType = folder; path = ExamplePlugin.mailbundle; sourceTree = "<group>"; };
		D2D7BEEF14223B840059E153 /* InstallDocument.png */ = {isa = PBXFileReference; lastKnownFileType = image.png; path = InstallDocument.png; sourceTree = "<group>"; };
		D2E90292141E36110058618F /* MBMMySparkleDelegate.h */ = {isa = PBXFileReference; fileEncoding = 4; lastKnownFileType = sourcecode.c.h; name = MBMMySparkleDelegate.h; path = "Mail Bundle Manager/MBMMySparkleDelegate.h"; sourceTree = "<group>"; };
		D2E90293141E36110058618F /* MBMMySparkleDelegate.m */ = {isa = PBXFileReference; fileEncoding = 4; lastKnownFileType = sourcecode.c.objc; name = MBMMySparkleDelegate.m; path = "Mail Bundle Manager/MBMMySparkleDelegate.m"; sourceTree = "<group>"; };
		D2E90295141E4C7F0058618F /* MBMMailBundle.h */ = {isa = PBXFileReference; fileEncoding = 4; lastKnownFileType = sourcecode.c.h; path = MBMMailBundle.h; sourceTree = "<group>"; };
		D2E90296141E4C7F0058618F /* MBMMailBundle.m */ = {isa = PBXFileReference; fileEncoding = 4; lastKnownFileType = sourcecode.c.objc; path = MBMMailBundle.m; sourceTree = "<group>"; };
		D2E90298141E5EF90058618F /* NSBundle+MBMAdditions.h */ = {isa = PBXFileReference; fileEncoding = 4; lastKnownFileType = sourcecode.c.h; path = "NSBundle+MBMAdditions.h"; sourceTree = "<group>"; };
		D2E90299141E5EF90058618F /* NSBundle+MBMAdditions.m */ = {isa = PBXFileReference; fileEncoding = 4; lastKnownFileType = sourcecode.c.objc; path = "NSBundle+MBMAdditions.m"; sourceTree = "<group>"; };
		D2E9029F141E643F0058618F /* lk-warnings.xcconfig */ = {isa = PBXFileReference; fileEncoding = 4; lastKnownFileType = text.xcconfig; name = "lk-warnings.xcconfig"; path = "../../lk-warnings.xcconfig"; sourceTree = "<group>"; };
		D2E902A8141E70110058618F /* Sparkle.framework */ = {isa = PBXFileReference; lastKnownFileType = wrapper.framework; name = Sparkle.framework; path = "Mail Bundle Manager/Sparkle.framework"; sourceTree = "<group>"; };
		D2E902AB141E72460058618F /* MBMSparkleDelegate.h */ = {isa = PBXFileReference; fileEncoding = 4; lastKnownFileType = sourcecode.c.h; path = MBMSparkleDelegate.h; sourceTree = "<group>"; };
		D2E902AC141E72470058618F /* MBMSparkleDelegate.m */ = {isa = PBXFileReference; fileEncoding = 4; lastKnownFileType = sourcecode.c.objc; path = MBMSparkleDelegate.m; sourceTree = "<group>"; };
		D2F70F7B143F1FA5000D5CC0 /* MBAppDelegate.h */ = {isa = PBXFileReference; fileEncoding = 4; lastKnownFileType = sourcecode.c.h; name = MBAppDelegate.h; path = "Mail Bundle Manager/MBAppDelegate.h"; sourceTree = "<group>"; };
		D2F70F7C143F1FA5000D5CC0 /* MBAppDelegate.m */ = {isa = PBXFileReference; fileEncoding = 4; lastKnownFileType = sourcecode.c.objc; name = MBAppDelegate.m; path = "Mail Bundle Manager/MBAppDelegate.m"; sourceTree = "<group>"; };
		D2F70F89143F43CF000D5CC0 /* MBMBackgroundableView.h */ = {isa = PBXFileReference; fileEncoding = 4; lastKnownFileType = sourcecode.c.h; name = MBMBackgroundableView.h; path = "Mail Bundle Manager/MBMBackgroundableView.h"; sourceTree = "<group>"; };
		D2F70F8A143F43CF000D5CC0 /* MBMBackgroundableView.m */ = {isa = PBXFileReference; fileEncoding = 4; lastKnownFileType = sourcecode.c.objc; name = MBMBackgroundableView.m; path = "Mail Bundle Manager/MBMBackgroundableView.m"; sourceTree = "<group>"; };
/* End PBXFileReference section */

/* Begin PBXFrameworksBuildPhase section */
		D216B337141DFDE1003788DC /* Frameworks */ = {
			isa = PBXFrameworksBuildPhase;
			buildActionMask = 2147483647;
			files = (
				D273100E142BD52E00EB5CB7 /* QuartzCore.framework in Frameworks */,
				D216B33F141DFDE1003788DC /* Cocoa.framework in Frameworks */,
				D2E902A9141E70110058618F /* Sparkle.framework in Frameworks */,
			);
			runOnlyForDeploymentPostprocessing = 0;
		};
		D216B357141DFDE2003788DC /* Frameworks */ = {
			isa = PBXFrameworksBuildPhase;
			buildActionMask = 2147483647;
			files = (
				D216B35D141DFDE2003788DC /* SenTestingKit.framework in Frameworks */,
				D216B35E141DFDE2003788DC /* Cocoa.framework in Frameworks */,
				D2D1E6DE1431EF69002FF1B1 /* Sparkle.framework in Frameworks */,
			);
			runOnlyForDeploymentPostprocessing = 0;
		};
		D2779BBD14336287003F7BE0 /* Frameworks */ = {
			isa = PBXFrameworksBuildPhase;
			buildActionMask = 2147483647;
			files = (
				D2779BF314337389003F7BE0 /* QuartzCore.framework in Frameworks */,
				D2779BC214336287003F7BE0 /* Cocoa.framework in Frameworks */,
				D2779BF014337364003F7BE0 /* Sparkle.framework in Frameworks */,
			);
			runOnlyForDeploymentPostprocessing = 0;
		};
/* End PBXFrameworksBuildPhase section */

/* Begin PBXGroup section */
		D216B32F141DFDE1003788DC = {
			isa = PBXGroup;
			children = (
				D2779BF214337389003F7BE0 /* QuartzCore.framework */,
				D2779BD9143364C9003F7BE0 /* Common Source */,
				D216B344141DFDE1003788DC /* Mail Bundle Manager */,
				D2779BC314336287003F7BE0 /* MailBundleTool */,
				D216B361141DFDE2003788DC /* Mail Bundle ManagerTests */,
				D216B33D141DFDE1003788DC /* Frameworks */,
				D216B33B141DFDE1003788DC /* Products */,
			);
			sourceTree = "<group>";
		};
		D216B33B141DFDE1003788DC /* Products */ = {
			isa = PBXGroup;
			children = (
				D216B33A141DFDE1003788DC /* Mail Bundle Manager.app */,
				D216B35B141DFDE2003788DC /* Mail Bundle ManagerTests.octest */,
				D2779BC014336287003F7BE0 /* MailBundleTool.app */,
			);
			name = Products;
			sourceTree = "<group>";
		};
		D216B33D141DFDE1003788DC /* Frameworks */ = {
			isa = PBXGroup;
			children = (
				D273100D142BD52E00EB5CB7 /* QuartzCore.framework */,
				D2E902A8141E70110058618F /* Sparkle.framework */,
				D216B33E141DFDE1003788DC /* Cocoa.framework */,
				D216B35C141DFDE2003788DC /* SenTestingKit.framework */,
				D216B340141DFDE1003788DC /* Other Frameworks */,
			);
			name = Frameworks;
			sourceTree = "<group>";
		};
		D216B340141DFDE1003788DC /* Other Frameworks */ = {
			isa = PBXGroup;
			children = (
				D216B341141DFDE1003788DC /* AppKit.framework */,
				D216B342141DFDE1003788DC /* CoreData.framework */,
				D216B343141DFDE1003788DC /* Foundation.framework */,
			);
			name = "Other Frameworks";
			sourceTree = "<group>";
		};
		D216B344141DFDE1003788DC /* Mail Bundle Manager */ = {
			isa = PBXGroup;
			children = (
				D216B350141DFDE1003788DC /* MBMAppDelegate.h */,
				D216B351141DFDE1003788DC /* MBMAppDelegate.m */,
				D2E9029D141E63D10058618F /* Resources */,
				D2E9029B141E638B0058618F /* Project */,
			);
			path = "Mail Bundle Manager";
			sourceTree = "<group>";
		};
		D216B361141DFDE2003788DC /* Mail Bundle ManagerTests */ = {
			isa = PBXGroup;
			children = (
				D2D1E6D61431BC3C002FF1B1 /* ManifestModelTests.h */,
				D2D1E6D71431BC3C002FF1B1 /* ManifestModelTests.m */,
				D2D1E6DB1431EC29002FF1B1 /* MailBundleTests.h */,
				D2D1E6DC1431EC29002FF1B1 /* MailBundleTests.m */,
				D2D1E6E114320B61002FF1B1 /* TestData */,
				D216B362141DFDE2003788DC /* Supporting Files */,
			);
			path = "Mail Bundle ManagerTests";
			sourceTree = "<group>";
		};
		D216B362141DFDE2003788DC /* Supporting Files */ = {
			isa = PBXGroup;
			children = (
				D2D1E6D91431C171002FF1B1 /* mbm-manifest.plist */,
				D216B363141DFDE2003788DC /* Mail Bundle ManagerTests-Info.plist */,
				D216B364141DFDE2003788DC /* InfoPlist.strings */,
			);
			name = "Supporting Files";
			sourceTree = "<group>";
		};
		D2730FE214293EE600EB5CB7 /* Controllers */ = {
			isa = PBXGroup;
			children = (
				D2730FDC142931D100EB5CB7 /* MBMInstallerController.h */,
				D2730FDD142931D100EB5CB7 /* MBMInstallerController.m */,
				D2730FE314293F6100EB5CB7 /* MBMAnimatedListController.h */,
				D2730FE414293F6100EB5CB7 /* MBMAnimatedListController.m */,
			);
			name = Controllers;
			path = "Mail Bundle Manager";
			sourceTree = "<group>";
		};
		D2779BC314336287003F7BE0 /* MailBundleTool */ = {
			isa = PBXGroup;
			children = (
				D2779BCF14336287003F7BE0 /* MBTAppDelegate.h */,
				D2779BD014336287003F7BE0 /* MBTAppDelegate.m */,
				D20537F1143B15ED002F0157 /* MBTSinglePluginController.h */,
				D20537F2143B15ED002F0157 /* MBTSinglePluginController.m */,
				D25738D6143BBEF0009D4A97 /* DSClickableURLTextField.h */,
				D25738D7143BBEF0009D4A97 /* DSClickableURLTextField.m */,
				D2779BD8143363DF003F7BE0 /* Resources */,
				D2779BC414336287003F7BE0 /* Project */,
			);
			path = MailBundleTool;
			sourceTree = "<group>";
		};
		D2779BC414336287003F7BE0 /* Project */ = {
			isa = PBXGroup;
			children = (
				D2779BC514336287003F7BE0 /* MailBundleTool-Info.plist */,
				D2779BC914336287003F7BE0 /* main.m */,
			);
			name = Project;
			sourceTree = "<group>";
		};
		D2779BD8143363DF003F7BE0 /* Resources */ = {
			isa = PBXGroup;
			children = (
				D2779BD214336287003F7BE0 /* MainMenu.xib */,
				D20537F4143B161C002F0157 /* MBTSinglePluginWindow.xib */,
				D2779BCC14336287003F7BE0 /* Credits.rtf */,
				D2779BC614336287003F7BE0 /* InfoPlist.strings */,
			);
			name = Resources;
			sourceTree = "<group>";
		};
		D2779BD9143364C9003F7BE0 /* Common Source */ = {
			isa = PBXGroup;
			children = (
				D2F70F7B143F1FA5000D5CC0 /* MBAppDelegate.h */,
				D2F70F7C143F1FA5000D5CC0 /* MBAppDelegate.m */,
				D2E90292141E36110058618F /* MBMMySparkleDelegate.h */,
				D2E90293141E36110058618F /* MBMMySparkleDelegate.m */,
				D2F70F89143F43CF000D5CC0 /* MBMBackgroundableView.h */,
				D2F70F8A143F43CF000D5CC0 /* MBMBackgroundableView.m */,
				D2730FE214293EE600EB5CB7 /* Controllers */,
				D2E9029C141E63990058618F /* Model */,
				D2E9029E141E63F70058618F /* Categories */,
				D2F38F14141E9E6D00E564FB /* Utils */,
				D2779BDA14336588003F7BE0 /* Resources */,
				D2779BDB143365DB003F7BE0 /* Project */,
				D216B37B141E1676003788DC /* MBMConstants.h */,
				D216B37C141E1676003788DC /* MBMConstants.m */,
			);
			name = "Common Source";
			sourceTree = "<group>";
		};
		D2779BDA14336588003F7BE0 /* Resources */ = {
			isa = PBXGroup;
			children = (
				D2730FF2142B539300EB5CB7 /* InstallAnimationBackground.png */,
				D2730FDF1429322A00EB5CB7 /* MBMInstallerWindow.xib */,
				D24DA32D142CD0CB00720631 /* MBMAgreementWindow.xib */,
				D2D1E6C0142FD8B4002FF1B1 /* errors.strings */,
				D20537B91436223D002F0157 /* historicalUUIDs.plist */,
				D20537B4143535E0002F0157 /* companies.strings */,
				D20537B614361EB6002F0157 /* GenericPlugin.png */,
				D20537C51439CD3E002F0157 /* BundleBackground.png */,
				D20537C21439C9BB002F0157 /* BundleBackgroundRed.png */,
			);
			name = Resources;
			sourceTree = "<group>";
		};
		D2779BDB143365DB003F7BE0 /* Project */ = {
			isa = PBXGroup;
			children = (
				D231F44F1428F035002DB999 /* README.markdown */,
				D216B34C141DFDE1003788DC /* Mail Bundle Manager-Prefix.pch */,
				D231F44E1428EE7B002DB999 /* LKInclude.pch */,
				D2E9029F141E643F0058618F /* lk-warnings.xcconfig */,
			);
			name = Project;
			sourceTree = "<group>";
		};
		D2D1E6E114320B61002FF1B1 /* TestData */ = {
			isa = PBXGroup;
			children = (
				D2D1E72F14320D1B002FF1B1 /* ExamplePlugin.mailbundle */,
			);
			path = TestData;
			sourceTree = "<group>";
		};
		D2E9029B141E638B0058618F /* Project */ = {
			isa = PBXGroup;
			children = (
				D216B346141DFDE1003788DC /* Mail Bundle Manager-Info.plist */,
				D216B34A141DFDE1003788DC /* main.m */,
			);
			name = Project;
			sourceTree = "<group>";
		};
		D2E9029C141E63990058618F /* Model */ = {
			isa = PBXGroup;
			children = (
				D2E90295141E4C7F0058618F /* MBMMailBundle.h */,
				D2E90296141E4C7F0058618F /* MBMMailBundle.m */,
				D2E902AB141E72460058618F /* MBMSparkleDelegate.h */,
				D2E902AC141E72470058618F /* MBMSparkleDelegate.m */,
				D216B37E141E1C21003788DC /* MBMManifestModel.h */,
				D2730FD8142921B200EB5CB7 /* MBMManifestModel.m */,
				D28F77E814209D1D0015E42F /* MBMActionItem.h */,
				D28F77E914209D1D0015E42F /* MBMActionItem.m */,
				D273100F142CB1E400EB5CB7 /* MBMConfirmationStep.h */,
				D2731010142CB1E400EB5CB7 /* MBMConfirmationStep.m */,
			);
			name = Model;
			path = "Mail Bundle Manager";
			sourceTree = "<group>";
		};
		D2E9029D141E63D10058618F /* Resources */ = {
			isa = PBXGroup;
			children = (
				D216B353141DFDE2003788DC /* MainMenu.xib */,
				D20A3EDD1434B3520083B10A /* MBMBundleView.xib */,
				D24DA330142CD92300720631 /* Localizable.strings */,
				D2D7BEEF14223B840059E153 /* InstallDocument.png */,
				D2779BF41434601B003F7BE0 /* UninstallDocument.png */,
				D216B347141DFDE1003788DC /* InfoPlist.strings */,
				D216B34D141DFDE1003788DC /* Credits.rtf */,
			);
			name = Resources;
			sourceTree = "<group>";
		};
		D2E9029E141E63F70058618F /* Categories */ = {
			isa = PBXGroup;
			children = (
				D20537AE1434C06E002F0157 /* NSViewController+LKCollectionItemFix.h */,
				D20537AF1434C06E002F0157 /* NSViewController+LKCollectionItemFix.m */,
				D2E90298141E5EF90058618F /* NSBundle+MBMAdditions.h */,
				D2E90299141E5EF90058618F /* NSBundle+MBMAdditions.m */,
			);
			name = Categories;
			path = "Mail Bundle Manager";
			sourceTree = "<group>";
		};
		D2F38F14141E9E6D00E564FB /* Utils */ = {
			isa = PBXGroup;
			children = (
				D231F4471428ED4E002DB999 /* NSString+LKStructUtils.h */,
				D231F4481428ED4E002DB999 /* NSString+LKStructUtils.m */,
				D2D1E6CA1430827F002FF1B1 /* NSString+LKHelper.h */,
				D2D1E6CB1430827F002FF1B1 /* NSString+LKHelper.m */,
				D2730FEF142A1F4700EB5CB7 /* LKCGStructs.h */,
				D2730FF0142A1F4700EB5CB7 /* LKCGStructs.m */,
				D231F44B1428ED5E002DB999 /* LKLogHelper.h */,
				D231F44C1428ED5E002DB999 /* LKLogHelper.m */,
				D2D1E6C714307968002FF1B1 /* LKError.h */,
				D2D1E6C814307968002FF1B1 /* LKError.m */,
			);
			name = Utils;
			path = "Mail Bundle Manager";
			sourceTree = "<group>";
		};
/* End PBXGroup section */

/* Begin PBXNativeTarget section */
		D216B339141DFDE1003788DC /* Mail Bundle Manager */ = {
			isa = PBXNativeTarget;
			buildConfigurationList = D216B36C141DFDE2003788DC /* Build configuration list for PBXNativeTarget "Mail Bundle Manager" */;
			buildPhases = (
				D216B336141DFDE1003788DC /* Sources */,
				D216B337141DFDE1003788DC /* Frameworks */,
				D216B379141E0071003788DC /* Copy Frameworks */,
				D216B338141DFDE1003788DC /* Resources */,
			);
			buildRules = (
			);
			dependencies = (
			);
			name = "Mail Bundle Manager";
			productName = "Mail Bundle Manager";
			productReference = D216B33A141DFDE1003788DC /* Mail Bundle Manager.app */;
			productType = "com.apple.product-type.application";
		};
		D216B35A141DFDE2003788DC /* Mail Bundle ManagerTests */ = {
			isa = PBXNativeTarget;
			buildConfigurationList = D216B36F141DFDE2003788DC /* Build configuration list for PBXNativeTarget "Mail Bundle ManagerTests" */;
			buildPhases = (
				D216B356141DFDE2003788DC /* Sources */,
				D216B357141DFDE2003788DC /* Frameworks */,
				D2D1E6DF1431EFF7002FF1B1 /* Copy Framework */,
				D216B358141DFDE2003788DC /* Resources */,
				D2D1E70814320BA6002FF1B1 /* Copy Test Data */,
				D216B359141DFDE2003788DC /* Run Script */,
			);
			buildRules = (
			);
			dependencies = (
				D216B360141DFDE2003788DC /* PBXTargetDependency */,
			);
			name = "Mail Bundle ManagerTests";
			productName = "Mail Bundle ManagerTests";
			productReference = D216B35B141DFDE2003788DC /* Mail Bundle ManagerTests.octest */;
			productType = "com.apple.product-type.bundle";
		};
		D2779BBF14336287003F7BE0 /* MailBundleTool */ = {
			isa = PBXNativeTarget;
			buildConfigurationList = D2779BD514336287003F7BE0 /* Build configuration list for PBXNativeTarget "MailBundleTool" */;
			buildPhases = (
				D2779BBC14336287003F7BE0 /* Sources */,
				D2779BBD14336287003F7BE0 /* Frameworks */,
				D2779BEF14337344003F7BE0 /* Copy Frameworks */,
				D2779BBE14336287003F7BE0 /* Resources */,
			);
			buildRules = (
			);
			dependencies = (
			);
			name = MailBundleTool;
			productName = MailBundleTool;
			productReference = D2779BC014336287003F7BE0 /* MailBundleTool.app */;
			productType = "com.apple.product-type.application";
		};
/* End PBXNativeTarget section */

/* Begin PBXProject section */
		D216B331141DFDE1003788DC /* Project object */ = {
			isa = PBXProject;
			attributes = {
				LastUpgradeCheck = 0420;
				ORGANIZATIONNAME = "Little Known Software";
			};
			buildConfigurationList = D216B334141DFDE1003788DC /* Build configuration list for PBXProject "Mail Bundle Manager" */;
			compatibilityVersion = "Xcode 3.2";
			developmentRegion = English;
			hasScannedForEncodings = 0;
			knownRegions = (
				en,
				fr,
			);
			mainGroup = D216B32F141DFDE1003788DC;
			productRefGroup = D216B33B141DFDE1003788DC /* Products */;
			projectDirPath = "";
			projectRoot = "";
			targets = (
				D216B339141DFDE1003788DC /* Mail Bundle Manager */,
				D2779BBF14336287003F7BE0 /* MailBundleTool */,
				D216B35A141DFDE2003788DC /* Mail Bundle ManagerTests */,
			);
		};
/* End PBXProject section */

/* Begin PBXResourcesBuildPhase section */
		D216B338141DFDE1003788DC /* Resources */ = {
			isa = PBXResourcesBuildPhase;
			buildActionMask = 2147483647;
			files = (
				D216B349141DFDE1003788DC /* InfoPlist.strings in Resources */,
				D216B34F141DFDE1003788DC /* Credits.rtf in Resources */,
				D216B355141DFDE2003788DC /* MainMenu.xib in Resources */,
				D2D7BEF014223B840059E153 /* InstallDocument.png in Resources */,
				D2730FE01429322A00EB5CB7 /* MBMInstallerWindow.xib in Resources */,
				D2730FF3142B539300EB5CB7 /* InstallAnimationBackground.png in Resources */,
				D24DA32E142CD0CB00720631 /* MBMAgreementWindow.xib in Resources */,
				D24DA331142CD92300720631 /* Localizable.strings in Resources */,
				D2D1E6C1142FD8B4002FF1B1 /* errors.strings in Resources */,
				D2779BF51434601B003F7BE0 /* UninstallDocument.png in Resources */,
				D20A3EDE1434B3520083B10A /* MBMBundleView.xib in Resources */,
				D20537B5143535E0002F0157 /* companies.strings in Resources */,
				D20537B714361EB6002F0157 /* GenericPlugin.png in Resources */,
				D20537BA1436223D002F0157 /* historicalUUIDs.plist in Resources */,
				D20537C41439C9BB002F0157 /* BundleBackgroundRed.png in Resources */,
				D20537C61439CD3E002F0157 /* BundleBackground.png in Resources */,
			);
			runOnlyForDeploymentPostprocessing = 0;
		};
		D216B358141DFDE2003788DC /* Resources */ = {
			isa = PBXResourcesBuildPhase;
			buildActionMask = 2147483647;
			files = (
				D216B366141DFDE2003788DC /* InfoPlist.strings in Resources */,
				D2D1E6DA1431C171002FF1B1 /* mbm-manifest.plist in Resources */,
			);
			runOnlyForDeploymentPostprocessing = 0;
		};
		D2779BBE14336287003F7BE0 /* Resources */ = {
			isa = PBXResourcesBuildPhase;
			buildActionMask = 2147483647;
			files = (
				D2779BC814336287003F7BE0 /* InfoPlist.strings in Resources */,
				D2779BCE14336287003F7BE0 /* Credits.rtf in Resources */,
				D2779BD414336287003F7BE0 /* MainMenu.xib in Resources */,
				D2779BDD14336641003F7BE0 /* InstallAnimationBackground.png in Resources */,
				D2779BDE14336641003F7BE0 /* MBMInstallerWindow.xib in Resources */,
				D2779BDF14336641003F7BE0 /* MBMAgreementWindow.xib in Resources */,
				D2779BE014336641003F7BE0 /* errors.strings in Resources */,
				D20537B814361F95002F0157 /* GenericPlugin.png in Resources */,
				D20537BB1436223D002F0157 /* historicalUUIDs.plist in Resources */,
				D20537C71439D515002F0157 /* companies.strings in Resources */,
				D20537F5143B161C002F0157 /* MBTSinglePluginWindow.xib in Resources */,
				D2F70F82143F29EC000D5CC0 /* MBMBundleView.xib in Resources */,
				D2F70F84143F34B7000D5CC0 /* BundleBackground.png in Resources */,
				D2F70F85143F34B7000D5CC0 /* BundleBackgroundRed.png in Resources */,
			);
			runOnlyForDeploymentPostprocessing = 0;
		};
/* End PBXResourcesBuildPhase section */

/* Begin PBXShellScriptBuildPhase section */
		D216B359141DFDE2003788DC /* Run Script */ = {
			isa = PBXShellScriptBuildPhase;
			buildActionMask = 2147483647;
			files = (
			);
			inputPaths = (
			);
			name = "Run Script";
			outputPaths = (
			);
			runOnlyForDeploymentPostprocessing = 0;
			shellPath = /bin/sh;
			shellScript = "# Run the unit tests in this test bundle.\n\"${SYSTEM_DEVELOPER_DIR}/Tools/RunUnitTests\"\n";
		};
/* End PBXShellScriptBuildPhase section */

/* Begin PBXSourcesBuildPhase section */
		D216B336141DFDE1003788DC /* Sources */ = {
			isa = PBXSourcesBuildPhase;
			buildActionMask = 2147483647;
			files = (
				D216B34B141DFDE1003788DC /* main.m in Sources */,
				D216B352141DFDE1003788DC /* MBMAppDelegate.m in Sources */,
				D216B37D141E1676003788DC /* MBMConstants.m in Sources */,
				D2E90294141E36120058618F /* MBMMySparkleDelegate.m in Sources */,
				D2E90297141E4C800058618F /* MBMMailBundle.m in Sources */,
				D2E9029A141E5EFA0058618F /* NSBundle+MBMAdditions.m in Sources */,
				D2E902AD141E72470058618F /* MBMSparkleDelegate.m in Sources */,
				D28F77EA14209D1D0015E42F /* MBMActionItem.m in Sources */,
				D231F4491428ED4E002DB999 /* NSString+LKStructUtils.m in Sources */,
				D231F44D1428ED5E002DB999 /* LKLogHelper.m in Sources */,
				D2730FD9142921B200EB5CB7 /* MBMManifestModel.m in Sources */,
				D2730FDE142931D100EB5CB7 /* MBMInstallerController.m in Sources */,
				D2730FE614293F6100EB5CB7 /* MBMAnimatedListController.m in Sources */,
				D2730FF1142A1F4700EB5CB7 /* LKCGStructs.m in Sources */,
				D2731011142CB1E500EB5CB7 /* MBMConfirmationStep.m in Sources */,
				D2D1E6C914307968002FF1B1 /* LKError.m in Sources */,
				D2D1E6CC1430827F002FF1B1 /* NSString+LKHelper.m in Sources */,
				D20537B11434C06E002F0157 /* NSViewController+LKCollectionItemFix.m in Sources */,
				D2F70F7D143F1FA5000D5CC0 /* MBAppDelegate.m in Sources */,
				D2F70F8B143F43CF000D5CC0 /* MBMBackgroundableView.m in Sources */,
			);
			runOnlyForDeploymentPostprocessing = 0;
		};
		D216B356141DFDE2003788DC /* Sources */ = {
			isa = PBXSourcesBuildPhase;
			buildActionMask = 2147483647;
			files = (
				D2D1E6D81431BC3C002FF1B1 /* ManifestModelTests.m in Sources */,
				D2D1E6DD1431EC2A002FF1B1 /* MailBundleTests.m in Sources */,
			);
			runOnlyForDeploymentPostprocessing = 0;
		};
		D2779BBC14336287003F7BE0 /* Sources */ = {
			isa = PBXSourcesBuildPhase;
			buildActionMask = 2147483647;
			files = (
				D2779BCA14336287003F7BE0 /* main.m in Sources */,
				D2779BD114336287003F7BE0 /* MBTAppDelegate.m in Sources */,
				D2779BDC14336639003F7BE0 /* MBMConstants.m in Sources */,
				D2779BE114336649003F7BE0 /* NSBundle+MBMAdditions.m in Sources */,
				D2779BE214336651003F7BE0 /* MBMInstallerController.m in Sources */,
				D2779BE314336651003F7BE0 /* MBMAnimatedListController.m in Sources */,
				D2779BE41433665D003F7BE0 /* MBMMailBundle.m in Sources */,
				D2779BE51433665D003F7BE0 /* MBMSparkleDelegate.m in Sources */,
				D2779BE61433665D003F7BE0 /* MBMManifestModel.m in Sources */,
				D2779BE71433665D003F7BE0 /* MBMActionItem.m in Sources */,
				D2779BE81433665D003F7BE0 /* MBMConfirmationStep.m in Sources */,
				D2779BE9143366CC003F7BE0 /* MBMMySparkleDelegate.m in Sources */,
				D2779BEA14336DDC003F7BE0 /* NSString+LKStructUtils.m in Sources */,
				D2779BEB14336DDC003F7BE0 /* NSString+LKHelper.m in Sources */,
				D2779BEC14336DDC003F7BE0 /* LKCGStructs.m in Sources */,
				D2779BED14336DDC003F7BE0 /* LKLogHelper.m in Sources */,
				D2779BEE14336DDC003F7BE0 /* LKError.m in Sources */,
				D20537F3143B15ED002F0157 /* MBTSinglePluginController.m in Sources */,
				D25738D8143BBEF0009D4A97 /* DSClickableURLTextField.m in Sources */,
				D2F70F7E143F1FA5000D5CC0 /* MBAppDelegate.m in Sources */,
				D2F70F83143F32DF000D5CC0 /* NSViewController+LKCollectionItemFix.m in Sources */,
				D2F70F8C143F43CF000D5CC0 /* MBMBackgroundableView.m in Sources */,
			);
			runOnlyForDeploymentPostprocessing = 0;
		};
/* End PBXSourcesBuildPhase section */

/* Begin PBXTargetDependency section */
		D216B360141DFDE2003788DC /* PBXTargetDependency */ = {
			isa = PBXTargetDependency;
			target = D216B339141DFDE1003788DC /* Mail Bundle Manager */;
			targetProxy = D216B35F141DFDE2003788DC /* PBXContainerItemProxy */;
		};
/* End PBXTargetDependency section */

/* Begin PBXVariantGroup section */
		D216B347141DFDE1003788DC /* InfoPlist.strings */ = {
			isa = PBXVariantGroup;
			children = (
				D216B348141DFDE1003788DC /* en */,
			);
			name = InfoPlist.strings;
			sourceTree = "<group>";
		};
		D216B34D141DFDE1003788DC /* Credits.rtf */ = {
			isa = PBXVariantGroup;
			children = (
				D216B34E141DFDE1003788DC /* en */,
			);
			name = Credits.rtf;
			sourceTree = "<group>";
		};
		D216B353141DFDE2003788DC /* MainMenu.xib */ = {
			isa = PBXVariantGroup;
			children = (
				D216B354141DFDE2003788DC /* en */,
			);
			name = MainMenu.xib;
			sourceTree = "<group>";
		};
		D216B364141DFDE2003788DC /* InfoPlist.strings */ = {
			isa = PBXVariantGroup;
			children = (
				D216B365141DFDE2003788DC /* en */,
			);
			name = InfoPlist.strings;
			sourceTree = "<group>";
		};
		D2779BC614336287003F7BE0 /* InfoPlist.strings */ = {
			isa = PBXVariantGroup;
			children = (
				D2779BC714336287003F7BE0 /* en */,
			);
			name = InfoPlist.strings;
			sourceTree = "<group>";
		};
		D2779BCC14336287003F7BE0 /* Credits.rtf */ = {
			isa = PBXVariantGroup;
			children = (
				D2779BCD14336287003F7BE0 /* en */,
			);
			name = Credits.rtf;
			sourceTree = "<group>";
		};
		D2779BD214336287003F7BE0 /* MainMenu.xib */ = {
			isa = PBXVariantGroup;
			children = (
				D2779BD314336287003F7BE0 /* en */,
			);
			name = MainMenu.xib;
			sourceTree = "<group>";
		};
/* End PBXVariantGroup section */

/* Begin XCBuildConfiguration section */
		D216B36A141DFDE2003788DC /* Debug */ = {
			isa = XCBuildConfiguration;
			baseConfigurationReference = D2E9029F141E643F0058618F /* lk-warnings.xcconfig */;
			buildSettings = {
				ALWAYS_SEARCH_USER_PATHS = NO;
				ARCHS = "$(ARCHS_STANDARD_64_BIT)";
				COPY_PHASE_STRIP = NO;
				GCC_C_LANGUAGE_STANDARD = gnu99;
				GCC_DYNAMIC_NO_PIC = NO;
				GCC_ENABLE_OBJC_EXCEPTIONS = YES;
				GCC_OPTIMIZATION_LEVEL = 0;
				GCC_PREPROCESSOR_DEFINITIONS = (
					"DEBUG=1",
					"$(inherited)",
				);
				GCC_SYMBOLS_PRIVATE_EXTERN = NO;
				GCC_VERSION = com.apple.compilers.llvm.clang.1_0;
				GCC_WARN_64_TO_32_BIT_CONVERSION = YES;
				GCC_WARN_ABOUT_MISSING_PROTOTYPES = YES;
				GCC_WARN_ABOUT_RETURN_TYPE = YES;
				GCC_WARN_UNUSED_VARIABLE = YES;
				MACOSX_DEPLOYMENT_TARGET = 10.6;
				ONLY_ACTIVE_ARCH = YES;
				SDKROOT = macosx;
			};
			name = Debug;
		};
		D216B36B141DFDE2003788DC /* Release */ = {
			isa = XCBuildConfiguration;
			baseConfigurationReference = D2E9029F141E643F0058618F /* lk-warnings.xcconfig */;
			buildSettings = {
				ALWAYS_SEARCH_USER_PATHS = NO;
				ARCHS = "$(ARCHS_STANDARD_64_BIT)";
				COPY_PHASE_STRIP = YES;
				DEBUG_INFORMATION_FORMAT = "dwarf-with-dsym";
				GCC_C_LANGUAGE_STANDARD = gnu99;
				GCC_ENABLE_OBJC_EXCEPTIONS = YES;
				GCC_VERSION = com.apple.compilers.llvm.clang.1_0;
				GCC_WARN_64_TO_32_BIT_CONVERSION = YES;
				GCC_WARN_ABOUT_MISSING_PROTOTYPES = YES;
				GCC_WARN_ABOUT_RETURN_TYPE = YES;
				GCC_WARN_UNUSED_VARIABLE = YES;
				MACOSX_DEPLOYMENT_TARGET = 10.6;
				SDKROOT = macosx;
			};
			name = Release;
		};
		D216B36D141DFDE2003788DC /* Debug */ = {
			isa = XCBuildConfiguration;
			buildSettings = {
				FRAMEWORK_SEARCH_PATHS = (
					"$(inherited)",
					"\"$(SRCROOT)/Mail Bundle Manager\"",
				);
				GCC_PRECOMPILE_PREFIX_HEADER = YES;
				GCC_PREFIX_HEADER = "Mail Bundle Manager/Mail Bundle Manager-Prefix.pch";
				INFOPLIST_FILE = "Mail Bundle Manager/Mail Bundle Manager-Info.plist";
				PRODUCT_NAME = "$(TARGET_NAME)";
				WRAPPER_EXTENSION = app;
			};
			name = Debug;
		};
		D216B36E141DFDE2003788DC /* Release */ = {
			isa = XCBuildConfiguration;
			buildSettings = {
				FRAMEWORK_SEARCH_PATHS = (
					"$(inherited)",
					"\"$(SRCROOT)/Mail Bundle Manager\"",
				);
				GCC_PRECOMPILE_PREFIX_HEADER = YES;
				GCC_PREFIX_HEADER = "Mail Bundle Manager/Mail Bundle Manager-Prefix.pch";
				INFOPLIST_FILE = "Mail Bundle Manager/Mail Bundle Manager-Info.plist";
				PRODUCT_NAME = "$(TARGET_NAME)";
				WRAPPER_EXTENSION = app;
			};
			name = Release;
		};
		D216B370141DFDE2003788DC /* Debug */ = {
			isa = XCBuildConfiguration;
			buildSettings = {
				BUNDLE_LOADER = "$(BUILT_PRODUCTS_DIR)/Mail Bundle Manager.app/Contents/MacOS/Mail Bundle Manager";
				FRAMEWORK_SEARCH_PATHS = (
					"$(DEVELOPER_LIBRARY_DIR)/Frameworks",
					"\"$(SRCROOT)/Mail Bundle Manager\"",
					"\"$(SRCROOT)/Mail Bundle ManagerTests/TestData/ExamplePlugin.mailbundle/Contents/Frameworks\"",
				);
				GCC_PRECOMPILE_PREFIX_HEADER = YES;
				GCC_PREFIX_HEADER = "Mail Bundle Manager/Mail Bundle Manager-Prefix.pch";
				INFOPLIST_FILE = "Mail Bundle ManagerTests/Mail Bundle ManagerTests-Info.plist";
				PRODUCT_NAME = "$(TARGET_NAME)";
				TEST_HOST = "$(BUNDLE_LOADER)";
				WRAPPER_EXTENSION = octest;
			};
			name = Debug;
		};
		D216B371141DFDE2003788DC /* Release */ = {
			isa = XCBuildConfiguration;
			buildSettings = {
				BUNDLE_LOADER = "$(BUILT_PRODUCTS_DIR)/Mail Bundle Manager.app/Contents/MacOS/Mail Bundle Manager";
				FRAMEWORK_SEARCH_PATHS = (
					"$(DEVELOPER_LIBRARY_DIR)/Frameworks",
					"\"$(SRCROOT)/Mail Bundle Manager\"",
					"\"$(SRCROOT)/Mail Bundle ManagerTests/TestData/ExamplePlugin.mailbundle/Contents/Frameworks\"",
				);
				GCC_PRECOMPILE_PREFIX_HEADER = YES;
				GCC_PREFIX_HEADER = "Mail Bundle Manager/Mail Bundle Manager-Prefix.pch";
				INFOPLIST_FILE = "Mail Bundle ManagerTests/Mail Bundle ManagerTests-Info.plist";
				PRODUCT_NAME = "$(TARGET_NAME)";
				TEST_HOST = "$(BUNDLE_LOADER)";
				WRAPPER_EXTENSION = octest;
			};
			name = Release;
		};
		D2779BD614336287003F7BE0 /* Debug */ = {
			isa = XCBuildConfiguration;
			buildSettings = {
				FRAMEWORK_SEARCH_PATHS = (
					"$(inherited)",
					"\"$(SRCROOT)/Mail Bundle Manager\"",
				);
				GCC_PRECOMPILE_PREFIX_HEADER = YES;
				GCC_PREFIX_HEADER = "Mail Bundle Manager/Mail Bundle Manager-Prefix.pch";
				INFOPLIST_FILE = "MailBundleTool/MailBundleTool-Info.plist";
				PRODUCT_NAME = "$(TARGET_NAME)";
				WRAPPER_EXTENSION = app;
			};
			name = Debug;
		};
		D2779BD714336287003F7BE0 /* Release */ = {
			isa = XCBuildConfiguration;
			buildSettings = {
				FRAMEWORK_SEARCH_PATHS = (
					"$(inherited)",
					"\"$(SRCROOT)/Mail Bundle Manager\"",
				);
				GCC_PRECOMPILE_PREFIX_HEADER = YES;
				GCC_PREFIX_HEADER = "Mail Bundle Manager/Mail Bundle Manager-Prefix.pch";
				INFOPLIST_FILE = "MailBundleTool/MailBundleTool-Info.plist";
				PRODUCT_NAME = "$(TARGET_NAME)";
				WRAPPER_EXTENSION = app;
			};
			name = Release;
		};
/* End XCBuildConfiguration section */

/* Begin XCConfigurationList section */
		D216B334141DFDE1003788DC /* Build configuration list for PBXProject "Mail Bundle Manager" */ = {
			isa = XCConfigurationList;
			buildConfigurations = (
				D216B36A141DFDE2003788DC /* Debug */,
				D216B36B141DFDE2003788DC /* Release */,
			);
			defaultConfigurationIsVisible = 0;
			defaultConfigurationName = Release;
		};
		D216B36C141DFDE2003788DC /* Build configuration list for PBXNativeTarget "Mail Bundle Manager" */ = {
			isa = XCConfigurationList;
			buildConfigurations = (
				D216B36D141DFDE2003788DC /* Debug */,
				D216B36E141DFDE2003788DC /* Release */,
			);
			defaultConfigurationIsVisible = 0;
			defaultConfigurationName = Release;
		};
		D216B36F141DFDE2003788DC /* Build configuration list for PBXNativeTarget "Mail Bundle ManagerTests" */ = {
			isa = XCConfigurationList;
			buildConfigurations = (
				D216B370141DFDE2003788DC /* Debug */,
				D216B371141DFDE2003788DC /* Release */,
			);
			defaultConfigurationIsVisible = 0;
			defaultConfigurationName = Release;
		};
		D2779BD514336287003F7BE0 /* Build configuration list for PBXNativeTarget "MailBundleTool" */ = {
			isa = XCConfigurationList;
			buildConfigurations = (
				D2779BD614336287003F7BE0 /* Debug */,
				D2779BD714336287003F7BE0 /* Release */,
			);
			defaultConfigurationIsVisible = 0;
			defaultConfigurationName = Release;
		};
/* End XCConfigurationList section */
	};
	rootObject = D216B331141DFDE1003788DC /* Project object */;
}
